PODS:
  - FileKit (4.0.0)
  - GCDWebServer (3.3.3):
    - GCDWebServer/Core (= 3.3.3)
  - GCDWebServer/Core (3.3.3)

DEPENDENCIES:
  - FileKit (~> 4.0.0)
  - GCDWebServer (~> 3.0)

SPEC CHECKSUMS:
  FileKit: 2589d0393b3bfdc599c2ba6e41419be6db4279e0
  GCDWebServer: 1c39a1f0763e4eb492bee021e4270fce097d3555

PODFILE CHECKSUM: 0db7f298b6d8be37f36da4bfd37f7cd41ef465a0

COCOAPODS: 1.1.1
