// !$*UTF8*$!
{
	archiveVersion = 1;
	classes = {
	};
	objectVersion = 46;
	objects = {

/* Begin PBXBuildFile section */
		0F73929F24E3663FA6FE00DA /* Pods_UIWebViewLayout.framework in Frameworks */ = {isa = PBXBuildFile; fileRef = C26196D1F18EDBB3062996A1 /* Pods_UIWebViewLayout.framework */; };
		3805CADE1DE33469008E4C8E /* Box.swift in Sources */ = {isa = PBXBuildFile; fileRef = 3805CABA1DE33469008E4C8E /* Box.swift */; };
		3805CADF1DE33469008E4C8E /* Common.swift in Sources */ = {isa = PBXBuildFile; fileRef = 3805CABB1DE33469008E4C8E /* Common.swift */; };
		3805CAE01DE33469008E4C8E /* Configuration.swift in Sources */ = {isa = PBXBuildFile; fileRef = 3805CABC1DE33469008E4C8E /* Configuration.swift */; };
		3805CAE11DE33469008E4C8E /* Context.swift in Sources */ = {isa = PBXBuildFile; fileRef = 3805CABD1DE33469008E4C8E /* Context.swift */; };
		3805CAE21DE33469008E4C8E /* CoreFunctions.swift in Sources */ = {isa = PBXBuildFile; fileRef = 3805CABE1DE33469008E4C8E /* CoreFunctions.swift */; };
		3805CAE31DE33469008E4C8E /* CoreGraphics.swift in Sources */ = {isa = PBXBuildFile; fileRef = 3805CABF1DE33469008E4C8E /* CoreGraphics.swift */; };
		3805CAE41DE33469008E4C8E /* EachFilter.swift in Sources */ = {isa = PBXBuildFile; fileRef = 3805CAC01DE33469008E4C8E /* EachFilter.swift */; };
		3805CAE51DE33469008E4C8E /* Expression.swift in Sources */ = {isa = PBXBuildFile; fileRef = 3805CAC11DE33469008E4C8E /* Expression.swift */; };
		3805CAE61DE33469008E4C8E /* ExpressionGenerator.swift in Sources */ = {isa = PBXBuildFile; fileRef = 3805CAC21DE33469008E4C8E /* ExpressionGenerator.swift */; };
		3805CAE71DE33469008E4C8E /* ExpressionInvocation.swift in Sources */ = {isa = PBXBuildFile; fileRef = 3805CAC31DE33469008E4C8E /* ExpressionInvocation.swift */; };
		3805CAE81DE33469008E4C8E /* ExpressionParser.swift in Sources */ = {isa = PBXBuildFile; fileRef = 3805CAC41DE33469008E4C8E /* ExpressionParser.swift */; };
		3805CAE91DE33469008E4C8E /* Fixit-1.1.0.swift in Sources */ = {isa = PBXBuildFile; fileRef = 3805CAC51DE33469008E4C8E /* Fixit-1.1.0.swift */; };
		3805CAEA1DE33469008E4C8E /* Formatter.swift in Sources */ = {isa = PBXBuildFile; fileRef = 3805CAC61DE33469008E4C8E /* Formatter.swift */; };
		3805CAEB1DE33469008E4C8E /* Foundation.swift in Sources */ = {isa = PBXBuildFile; fileRef = 3805CAC71DE33469008E4C8E /* Foundation.swift */; };
		3805CAEC1DE33469008E4C8E /* HTMLEscapeHelper.swift in Sources */ = {isa = PBXBuildFile; fileRef = 3805CAC81DE33469008E4C8E /* HTMLEscapeHelper.swift */; };
		3805CAED1DE33469008E4C8E /* JavascriptEscapeHelper.swift in Sources */ = {isa = PBXBuildFile; fileRef = 3805CAC91DE33469008E4C8E /* JavascriptEscapeHelper.swift */; };
		3805CAEE1DE33469008E4C8E /* Localizer.swift in Sources */ = {isa = PBXBuildFile; fileRef = 3805CACA1DE33469008E4C8E /* Localizer.swift */; };
		3805CAEF1DE33469008E4C8E /* LocatedTag.swift in Sources */ = {isa = PBXBuildFile; fileRef = 3805CACB1DE33469008E4C8E /* LocatedTag.swift */; };
		3805CAF01DE33469008E4C8E /* Logger.swift in Sources */ = {isa = PBXBuildFile; fileRef = 3805CACC1DE33469008E4C8E /* Logger.swift */; };
		3805CAF11DE33469008E4C8E /* MustacheBox.swift in Sources */ = {isa = PBXBuildFile; fileRef = 3805CACD1DE33469008E4C8E /* MustacheBox.swift */; };
		3805CAF21DE33469008E4C8E /* RenderingEngine.swift in Sources */ = {isa = PBXBuildFile; fileRef = 3805CACE1DE33469008E4C8E /* RenderingEngine.swift */; };
		3805CAF31DE33469008E4C8E /* SectionTag.swift in Sources */ = {isa = PBXBuildFile; fileRef = 3805CACF1DE33469008E4C8E /* SectionTag.swift */; };
		3805CAF41DE33469008E4C8E /* StandardLibrary.swift in Sources */ = {isa = PBXBuildFile; fileRef = 3805CAD01DE33469008E4C8E /* StandardLibrary.swift */; };
		3805CAF51DE33469008E4C8E /* SwiftStandardLibrary.swift in Sources */ = {isa = PBXBuildFile; fileRef = 3805CAD11DE33469008E4C8E /* SwiftStandardLibrary.swift */; };
		3805CAF61DE33469008E4C8E /* Tag.swift in Sources */ = {isa = PBXBuildFile; fileRef = 3805CAD21DE33469008E4C8E /* Tag.swift */; };
		3805CAF71DE33469008E4C8E /* Template.swift in Sources */ = {isa = PBXBuildFile; fileRef = 3805CAD31DE33469008E4C8E /* Template.swift */; };
		3805CAF81DE33469008E4C8E /* TemplateAST.swift in Sources */ = {isa = PBXBuildFile; fileRef = 3805CAD41DE33469008E4C8E /* TemplateAST.swift */; };
		3805CAF91DE33469008E4C8E /* TemplateASTNode.swift in Sources */ = {isa = PBXBuildFile; fileRef = 3805CAD51DE33469008E4C8E /* TemplateASTNode.swift */; };
		3805CAFA1DE33469008E4C8E /* TemplateCompiler.swift in Sources */ = {isa = PBXBuildFile; fileRef = 3805CAD61DE33469008E4C8E /* TemplateCompiler.swift */; };
		3805CAFB1DE33469008E4C8E /* TemplateGenerator.swift in Sources */ = {isa = PBXBuildFile; fileRef = 3805CAD71DE33469008E4C8E /* TemplateGenerator.swift */; };
		3805CAFC1DE33469008E4C8E /* TemplateParser.swift in Sources */ = {isa = PBXBuildFile; fileRef = 3805CAD81DE33469008E4C8E /* TemplateParser.swift */; };
		3805CAFD1DE33469008E4C8E /* TemplateRepository.swift in Sources */ = {isa = PBXBuildFile; fileRef = 3805CAD91DE33469008E4C8E /* TemplateRepository.swift */; };
		3805CAFE1DE33469008E4C8E /* TemplateToken.swift in Sources */ = {isa = PBXBuildFile; fileRef = 3805CADA1DE33469008E4C8E /* TemplateToken.swift */; };
		3805CAFF1DE33469008E4C8E /* URLEscapeHelper.swift in Sources */ = {isa = PBXBuildFile; fileRef = 3805CADB1DE33469008E4C8E /* URLEscapeHelper.swift */; };
		3805CB001DE33469008E4C8E /* VariableTag.swift in Sources */ = {isa = PBXBuildFile; fileRef = 3805CADC1DE33469008E4C8E /* VariableTag.swift */; };
		3805CB011DE33469008E4C8E /* ZipFilter.swift in Sources */ = {isa = PBXBuildFile; fileRef = 3805CADD1DE33469008E4C8E /* ZipFilter.swift */; };
		381874721DD959F9007020B6 /* CustomWebView.swift in Sources */ = {isa = PBXBuildFile; fileRef = 381874711DD959F9007020B6 /* CustomWebView.swift */; };
		392060EE1DD5793A0009C7FB /* AppDelegate.swift in Sources */ = {isa = PBXBuildFile; fileRef = 392060ED1DD5793A0009C7FB /* AppDelegate.swift */; };
		392060F01DD5793A0009C7FB /* ViewController.swift in Sources */ = {isa = PBXBuildFile; fileRef = 392060EF1DD5793A0009C7FB /* ViewController.swift */; };
		392060F31DD5793A0009C7FB /* Main.storyboard in Resources */ = {isa = PBXBuildFile; fileRef = 392060F11DD5793A0009C7FB /* Main.storyboard */; };
		392060F51DD5793A0009C7FB /* Assets.xcassets in Resources */ = {isa = PBXBuildFile; fileRef = 392060F41DD5793A0009C7FB /* Assets.xcassets */; };
		392060F81DD5793A0009C7FB /* LaunchScreen.storyboard in Resources */ = {isa = PBXBuildFile; fileRef = 392060F61DD5793A0009C7FB /* LaunchScreen.storyboard */; };
		392061031DD5793A0009C7FB /* UIWebViewLayoutTests.swift in Sources */ = {isa = PBXBuildFile; fileRef = 392061021DD5793A0009C7FB /* UIWebViewLayoutTests.swift */; };
		3920610E1DD5793A0009C7FB /* UIWebViewLayoutUITests.swift in Sources */ = {isa = PBXBuildFile; fileRef = 3920610D1DD5793A0009C7FB /* UIWebViewLayoutUITests.swift */; };
/* End PBXBuildFile section */

/* Begin PBXContainerItemProxy section */
		3805CAAD1DE33294008E4C8E /* PBXContainerItemProxy */ = {
			isa = PBXContainerItemProxy;
			containerPortal = 3805CAA41DE33294008E4C8E /* Mustache.xcodeproj */;
			proxyType = 2;
			remoteGlobalIDString = 563AE19719FBE47A0028C6C1;
			remoteInfo = MustacheiOS;
		};
		3805CAAF1DE33294008E4C8E /* PBXContainerItemProxy */ = {
			isa = PBXContainerItemProxy;
			containerPortal = 3805CAA41DE33294008E4C8E /* Mustache.xcodeproj */;
			proxyType = 2;
			remoteGlobalIDString = 563AE1A219FBE47A0028C6C1;
			remoteInfo = MustacheiOSTests;
		};
		3805CAB11DE33294008E4C8E /* PBXContainerItemProxy */ = {
			isa = PBXContainerItemProxy;
			containerPortal = 3805CAA41DE33294008E4C8E /* Mustache.xcodeproj */;
			proxyType = 2;
			remoteGlobalIDString = 561E725C1A8BDC2B004ED48B;
			remoteInfo = MustacheOSX;
		};
		3805CAB31DE33294008E4C8E /* PBXContainerItemProxy */ = {
			isa = PBXContainerItemProxy;
			containerPortal = 3805CAA41DE33294008E4C8E /* Mustache.xcodeproj */;
			proxyType = 2;
			remoteGlobalIDString = 561E72661A8BDC2B004ED48B;
			remoteInfo = MustacheOSXTests;
		};
		3805CAB51DE33294008E4C8E /* PBXContainerItemProxy */ = {
			isa = PBXContainerItemProxy;
			containerPortal = 3805CAA41DE33294008E4C8E /* Mustache.xcodeproj */;
			proxyType = 2;
			remoteGlobalIDString = 09A89DCE1BF58489003A695E;
			remoteInfo = MustacheTVOS;
		};
		3805CAB71DE33294008E4C8E /* PBXContainerItemProxy */ = {
			isa = PBXContainerItemProxy;
			containerPortal = 3805CAA41DE33294008E4C8E /* Mustache.xcodeproj */;
			proxyType = 2;
			remoteGlobalIDString = 09A89DDA1BF584EE003A695E;
			remoteInfo = MustacheTVOSTests;
		};
		392060FF1DD5793A0009C7FB /* PBXContainerItemProxy */ = {
			isa = PBXContainerItemProxy;
			containerPortal = 392060E21DD5793A0009C7FB /* Project object */;
			proxyType = 1;
			remoteGlobalIDString = 392060E91DD5793A0009C7FB;
			remoteInfo = UIWebViewLayout;
		};
		3920610A1DD5793A0009C7FB /* PBXContainerItemProxy */ = {
			isa = PBXContainerItemProxy;
			containerPortal = 392060E21DD5793A0009C7FB /* Project object */;
			proxyType = 1;
			remoteGlobalIDString = 392060E91DD5793A0009C7FB;
			remoteInfo = UIWebViewLayout;
		};
/* End PBXContainerItemProxy section */

/* Begin PBXFileReference section */
		195B7CA0634B784EA242DE1C /* Pods-UIWebViewLayout.release.xcconfig */ = {isa = PBXFileReference; includeInIndex = 1; lastKnownFileType = text.xcconfig; name = "Pods-UIWebViewLayout.release.xcconfig"; path = "Pods/Target Support Files/Pods-UIWebViewLayout/Pods-UIWebViewLayout.release.xcconfig"; sourceTree = "<group>"; };
		3805CAA41DE33294008E4C8E /* Mustache.xcodeproj */ = {isa = PBXFileReference; lastKnownFileType = "wrapper.pb-project"; name = Mustache.xcodeproj; path = ../GRMustache.swift/Xcode/Mustache.xcodeproj; sourceTree = "<group>"; };
		3805CABA1DE33469008E4C8E /* Box.swift */ = {isa = PBXFileReference; fileEncoding = 4; lastKnownFileType = sourcecode.swift; path = Box.swift; sourceTree = "<group>"; };
		3805CABB1DE33469008E4C8E /* Common.swift */ = {isa = PBXFileReference; fileEncoding = 4; lastKnownFileType = sourcecode.swift; path = Common.swift; sourceTree = "<group>"; };
		3805CABC1DE33469008E4C8E /* Configuration.swift */ = {isa = PBXFileReference; fileEncoding = 4; lastKnownFileType = sourcecode.swift; path = Configuration.swift; sourceTree = "<group>"; };
		3805CABD1DE33469008E4C8E /* Context.swift */ = {isa = PBXFileReference; fileEncoding = 4; lastKnownFileType = sourcecode.swift; path = Context.swift; sourceTree = "<group>"; };
		3805CABE1DE33469008E4C8E /* CoreFunctions.swift */ = {isa = PBXFileReference; fileEncoding = 4; lastKnownFileType = sourcecode.swift; path = CoreFunctions.swift; sourceTree = "<group>"; };
		3805CABF1DE33469008E4C8E /* CoreGraphics.swift */ = {isa = PBXFileReference; fileEncoding = 4; lastKnownFileType = sourcecode.swift; path = CoreGraphics.swift; sourceTree = "<group>"; };
		3805CAC01DE33469008E4C8E /* EachFilter.swift */ = {isa = PBXFileReference; fileEncoding = 4; lastKnownFileType = sourcecode.swift; path = EachFilter.swift; sourceTree = "<group>"; };
		3805CAC11DE33469008E4C8E /* Expression.swift */ = {isa = PBXFileReference; fileEncoding = 4; lastKnownFileType = sourcecode.swift; path = Expression.swift; sourceTree = "<group>"; };
		3805CAC21DE33469008E4C8E /* ExpressionGenerator.swift */ = {isa = PBXFileReference; fileEncoding = 4; lastKnownFileType = sourcecode.swift; path = ExpressionGenerator.swift; sourceTree = "<group>"; };
		3805CAC31DE33469008E4C8E /* ExpressionInvocation.swift */ = {isa = PBXFileReference; fileEncoding = 4; lastKnownFileType = sourcecode.swift; path = ExpressionInvocation.swift; sourceTree = "<group>"; };
		3805CAC41DE33469008E4C8E /* ExpressionParser.swift */ = {isa = PBXFileReference; fileEncoding = 4; lastKnownFileType = sourcecode.swift; path = ExpressionParser.swift; sourceTree = "<group>"; };
		3805CAC51DE33469008E4C8E /* Fixit-1.1.0.swift */ = {isa = PBXFileReference; fileEncoding = 4; lastKnownFileType = sourcecode.swift; path = "Fixit-1.1.0.swift"; sourceTree = "<group>"; };
		3805CAC61DE33469008E4C8E /* Formatter.swift */ = {isa = PBXFileReference; fileEncoding = 4; lastKnownFileType = sourcecode.swift; path = Formatter.swift; sourceTree = "<group>"; };
		3805CAC71DE33469008E4C8E /* Foundation.swift */ = {isa = PBXFileReference; fileEncoding = 4; lastKnownFileType = sourcecode.swift; path = Foundation.swift; sourceTree = "<group>"; };
		3805CAC81DE33469008E4C8E /* HTMLEscapeHelper.swift */ = {isa = PBXFileReference; fileEncoding = 4; lastKnownFileType = sourcecode.swift; path = HTMLEscapeHelper.swift; sourceTree = "<group>"; };
		3805CAC91DE33469008E4C8E /* JavascriptEscapeHelper.swift */ = {isa = PBXFileReference; fileEncoding = 4; lastKnownFileType = sourcecode.swift; path = JavascriptEscapeHelper.swift; sourceTree = "<group>"; };
		3805CACA1DE33469008E4C8E /* Localizer.swift */ = {isa = PBXFileReference; fileEncoding = 4; lastKnownFileType = sourcecode.swift; path = Localizer.swift; sourceTree = "<group>"; };
		3805CACB1DE33469008E4C8E /* LocatedTag.swift */ = {isa = PBXFileReference; fileEncoding = 4; lastKnownFileType = sourcecode.swift; path = LocatedTag.swift; sourceTree = "<group>"; };
		3805CACC1DE33469008E4C8E /* Logger.swift */ = {isa = PBXFileReference; fileEncoding = 4; lastKnownFileType = sourcecode.swift; path = Logger.swift; sourceTree = "<group>"; };
		3805CACD1DE33469008E4C8E /* MustacheBox.swift */ = {isa = PBXFileReference; fileEncoding = 4; lastKnownFileType = sourcecode.swift; path = MustacheBox.swift; sourceTree = "<group>"; };
		3805CACE1DE33469008E4C8E /* RenderingEngine.swift */ = {isa = PBXFileReference; fileEncoding = 4; lastKnownFileType = sourcecode.swift; path = RenderingEngine.swift; sourceTree = "<group>"; };
		3805CACF1DE33469008E4C8E /* SectionTag.swift */ = {isa = PBXFileReference; fileEncoding = 4; lastKnownFileType = sourcecode.swift; path = SectionTag.swift; sourceTree = "<group>"; };
		3805CAD01DE33469008E4C8E /* StandardLibrary.swift */ = {isa = PBXFileReference; fileEncoding = 4; lastKnownFileType = sourcecode.swift; path = StandardLibrary.swift; sourceTree = "<group>"; };
		3805CAD11DE33469008E4C8E /* SwiftStandardLibrary.swift */ = {isa = PBXFileReference; fileEncoding = 4; lastKnownFileType = sourcecode.swift; path = SwiftStandardLibrary.swift; sourceTree = "<group>"; };
		3805CAD21DE33469008E4C8E /* Tag.swift */ = {isa = PBXFileReference; fileEncoding = 4; lastKnownFileType = sourcecode.swift; path = Tag.swift; sourceTree = "<group>"; };
		3805CAD31DE33469008E4C8E /* Template.swift */ = {isa = PBXFileReference; fileEncoding = 4; lastKnownFileType = sourcecode.swift; path = Template.swift; sourceTree = "<group>"; };
		3805CAD41DE33469008E4C8E /* TemplateAST.swift */ = {isa = PBXFileReference; fileEncoding = 4; lastKnownFileType = sourcecode.swift; path = TemplateAST.swift; sourceTree = "<group>"; };
		3805CAD51DE33469008E4C8E /* TemplateASTNode.swift */ = {isa = PBXFileReference; fileEncoding = 4; lastKnownFileType = sourcecode.swift; path = TemplateASTNode.swift; sourceTree = "<group>"; };
		3805CAD61DE33469008E4C8E /* TemplateCompiler.swift */ = {isa = PBXFileReference; fileEncoding = 4; lastKnownFileType = sourcecode.swift; path = TemplateCompiler.swift; sourceTree = "<group>"; };
		3805CAD71DE33469008E4C8E /* TemplateGenerator.swift */ = {isa = PBXFileReference; fileEncoding = 4; lastKnownFileType = sourcecode.swift; path = TemplateGenerator.swift; sourceTree = "<group>"; };
		3805CAD81DE33469008E4C8E /* TemplateParser.swift */ = {isa = PBXFileReference; fileEncoding = 4; lastKnownFileType = sourcecode.swift; path = TemplateParser.swift; sourceTree = "<group>"; };
		3805CAD91DE33469008E4C8E /* TemplateRepository.swift */ = {isa = PBXFileReference; fileEncoding = 4; lastKnownFileType = sourcecode.swift; path = TemplateRepository.swift; sourceTree = "<group>"; };
		3805CADA1DE33469008E4C8E /* TemplateToken.swift */ = {isa = PBXFileReference; fileEncoding = 4; lastKnownFileType = sourcecode.swift; path = TemplateToken.swift; sourceTree = "<group>"; };
		3805CADB1DE33469008E4C8E /* URLEscapeHelper.swift */ = {isa = PBXFileReference; fileEncoding = 4; lastKnownFileType = sourcecode.swift; path = URLEscapeHelper.swift; sourceTree = "<group>"; };
		3805CADC1DE33469008E4C8E /* VariableTag.swift */ = {isa = PBXFileReference; fileEncoding = 4; lastKnownFileType = sourcecode.swift; path = VariableTag.swift; sourceTree = "<group>"; };
		3805CADD1DE33469008E4C8E /* ZipFilter.swift */ = {isa = PBXFileReference; fileEncoding = 4; lastKnownFileType = sourcecode.swift; path = ZipFilter.swift; sourceTree = "<group>"; };
		381874711DD959F9007020B6 /* CustomWebView.swift */ = {isa = PBXFileReference; fileEncoding = 4; lastKnownFileType = sourcecode.swift; path = CustomWebView.swift; sourceTree = "<group>"; };
		392060EA1DD5793A0009C7FB /* UIWebViewLayout.app */ = {isa = PBXFileReference; explicitFileType = wrapper.application; includeInIndex = 0; path = UIWebViewLayout.app; sourceTree = BUILT_PRODUCTS_DIR; };
		392060ED1DD5793A0009C7FB /* AppDelegate.swift */ = {isa = PBXFileReference; lastKnownFileType = sourcecode.swift; path = AppDelegate.swift; sourceTree = "<group>"; };
		392060EF1DD5793A0009C7FB /* ViewController.swift */ = {isa = PBXFileReference; lastKnownFileType = sourcecode.swift; path = ViewController.swift; sourceTree = "<group>"; };
		392060F21DD5793A0009C7FB /* Base */ = {isa = PBXFileReference; lastKnownFileType = file.storyboard; name = Base; path = Base.lproj/Main.storyboard; sourceTree = "<group>"; };
		392060F41DD5793A0009C7FB /* Assets.xcassets */ = {isa = PBXFileReference; lastKnownFileType = folder.assetcatalog; path = Assets.xcassets; sourceTree = "<group>"; };
		392060F71DD5793A0009C7FB /* Base */ = {isa = PBXFileReference; lastKnownFileType = file.storyboard; name = Base; path = Base.lproj/LaunchScreen.storyboard; sourceTree = "<group>"; };
		392060F91DD5793A0009C7FB /* Info.plist */ = {isa = PBXFileReference; lastKnownFileType = text.plist.xml; path = Info.plist; sourceTree = "<group>"; };
		392060FE1DD5793A0009C7FB /* UIWebViewLayoutTests.xctest */ = {isa = PBXFileReference; explicitFileType = wrapper.cfbundle; includeInIndex = 0; path = UIWebViewLayoutTests.xctest; sourceTree = BUILT_PRODUCTS_DIR; };
		392061021DD5793A0009C7FB /* UIWebViewLayoutTests.swift */ = {isa = PBXFileReference; lastKnownFileType = sourcecode.swift; path = UIWebViewLayoutTests.swift; sourceTree = "<group>"; };
		392061041DD5793A0009C7FB /* Info.plist */ = {isa = PBXFileReference; lastKnownFileType = text.plist.xml; path = Info.plist; sourceTree = "<group>"; };
		392061091DD5793A0009C7FB /* UIWebViewLayoutUITests.xctest */ = {isa = PBXFileReference; explicitFileType = wrapper.cfbundle; includeInIndex = 0; path = UIWebViewLayoutUITests.xctest; sourceTree = BUILT_PRODUCTS_DIR; };
		3920610D1DD5793A0009C7FB /* UIWebViewLayoutUITests.swift */ = {isa = PBXFileReference; lastKnownFileType = sourcecode.swift; path = UIWebViewLayoutUITests.swift; sourceTree = "<group>"; };
		3920610F1DD5793A0009C7FB /* Info.plist */ = {isa = PBXFileReference; lastKnownFileType = text.plist.xml; path = Info.plist; sourceTree = "<group>"; };
		3920612E1DD5E2F20009C7FB /* UIWebViewLayout-Bridging-Header.h */ = {isa = PBXFileReference; lastKnownFileType = sourcecode.c.h; path = "UIWebViewLayout-Bridging-Header.h"; sourceTree = "<group>"; };
		3CD3C2D4004D4BB10CBE51CF /* Pods-UIWebViewLayout.debug.xcconfig */ = {isa = PBXFileReference; includeInIndex = 1; lastKnownFileType = text.xcconfig; name = "Pods-UIWebViewLayout.debug.xcconfig"; path = "Pods/Target Support Files/Pods-UIWebViewLayout/Pods-UIWebViewLayout.debug.xcconfig"; sourceTree = "<group>"; };
		C26196D1F18EDBB3062996A1 /* Pods_UIWebViewLayout.framework */ = {isa = PBXFileReference; explicitFileType = wrapper.framework; includeInIndex = 0; path = Pods_UIWebViewLayout.framework; sourceTree = BUILT_PRODUCTS_DIR; };
/* End PBXFileReference section */

/* Begin PBXFrameworksBuildPhase section */
		392060E71DD5793A0009C7FB /* Frameworks */ = {
			isa = PBXFrameworksBuildPhase;
			buildActionMask = 2147483647;
			files = (
				0F73929F24E3663FA6FE00DA /* Pods_UIWebViewLayout.framework in Frameworks */,
			);
			runOnlyForDeploymentPostprocessing = 0;
		};
		392060FB1DD5793A0009C7FB /* Frameworks */ = {
			isa = PBXFrameworksBuildPhase;
			buildActionMask = 2147483647;
			files = (
			);
			runOnlyForDeploymentPostprocessing = 0;
		};
		392061061DD5793A0009C7FB /* Frameworks */ = {
			isa = PBXFrameworksBuildPhase;
			buildActionMask = 2147483647;
			files = (
			);
			runOnlyForDeploymentPostprocessing = 0;
		};
/* End PBXFrameworksBuildPhase section */

/* Begin PBXGroup section */
		3805CAA51DE33294008E4C8E /* Products */ = {
			isa = PBXGroup;
			children = (
				3805CAAE1DE33294008E4C8E /* Mustache.framework */,
				3805CAB01DE33294008E4C8E /* MustacheiOSTests.xctest */,
				3805CAB21DE33294008E4C8E /* Mustache.framework */,
				3805CAB41DE33294008E4C8E /* MustacheOSXTests.xctest */,
				3805CAB61DE33294008E4C8E /* Mustache.framework */,
				3805CAB81DE33294008E4C8E /* MustacheTVOSTests.xctest */,
			);
			name = Products;
			sourceTree = "<group>";
		};
		3805CAB91DE33469008E4C8E /* Sources */ = {
			isa = PBXGroup;
			children = (
				3805CABA1DE33469008E4C8E /* Box.swift */,
				3805CABB1DE33469008E4C8E /* Common.swift */,
				3805CABC1DE33469008E4C8E /* Configuration.swift */,
				3805CABD1DE33469008E4C8E /* Context.swift */,
				3805CABE1DE33469008E4C8E /* CoreFunctions.swift */,
				3805CABF1DE33469008E4C8E /* CoreGraphics.swift */,
				3805CAC01DE33469008E4C8E /* EachFilter.swift */,
				3805CAC11DE33469008E4C8E /* Expression.swift */,
				3805CAC21DE33469008E4C8E /* ExpressionGenerator.swift */,
				3805CAC31DE33469008E4C8E /* ExpressionInvocation.swift */,
				3805CAC41DE33469008E4C8E /* ExpressionParser.swift */,
				3805CAC51DE33469008E4C8E /* Fixit-1.1.0.swift */,
				3805CAC61DE33469008E4C8E /* Formatter.swift */,
				3805CAC71DE33469008E4C8E /* Foundation.swift */,
				3805CAC81DE33469008E4C8E /* HTMLEscapeHelper.swift */,
				3805CAC91DE33469008E4C8E /* JavascriptEscapeHelper.swift */,
				3805CACA1DE33469008E4C8E /* Localizer.swift */,
				3805CACB1DE33469008E4C8E /* LocatedTag.swift */,
				3805CACC1DE33469008E4C8E /* Logger.swift */,
				3805CACD1DE33469008E4C8E /* MustacheBox.swift */,
				3805CACE1DE33469008E4C8E /* RenderingEngine.swift */,
				3805CACF1DE33469008E4C8E /* SectionTag.swift */,
				3805CAD01DE33469008E4C8E /* StandardLibrary.swift */,
				3805CAD11DE33469008E4C8E /* SwiftStandardLibrary.swift */,
				3805CAD21DE33469008E4C8E /* Tag.swift */,
				3805CAD31DE33469008E4C8E /* Template.swift */,
				3805CAD41DE33469008E4C8E /* TemplateAST.swift */,
				3805CAD51DE33469008E4C8E /* TemplateASTNode.swift */,
				3805CAD61DE33469008E4C8E /* TemplateCompiler.swift */,
				3805CAD71DE33469008E4C8E /* TemplateGenerator.swift */,
				3805CAD81DE33469008E4C8E /* TemplateParser.swift */,
				3805CAD91DE33469008E4C8E /* TemplateRepository.swift */,
				3805CADA1DE33469008E4C8E /* TemplateToken.swift */,
				3805CADB1DE33469008E4C8E /* URLEscapeHelper.swift */,
				3805CADC1DE33469008E4C8E /* VariableTag.swift */,
				3805CADD1DE33469008E4C8E /* ZipFilter.swift */,
			);
			name = Sources;
			path = ../GRMustache.swift/Sources;
			sourceTree = "<group>";
		};
		392060E11DD5793A0009C7FB = {
			isa = PBXGroup;
			children = (
				3805CAB91DE33469008E4C8E /* Sources */,
				392060EC1DD5793A0009C7FB /* UIWebViewLayout */,
				392061011DD5793A0009C7FB /* UIWebViewLayoutTests */,
				3920610C1DD5793A0009C7FB /* UIWebViewLayoutUITests */,
				392060EB1DD5793A0009C7FB /* Products */,
				A3079A583C57CE982C2E5C32 /* Pods */,
				E84AAC53F61591BA537C1180 /* Frameworks */,
			);
			sourceTree = "<group>";
		};
		392060EB1DD5793A0009C7FB /* Products */ = {
			isa = PBXGroup;
			children = (
				392060EA1DD5793A0009C7FB /* UIWebViewLayout.app */,
				392060FE1DD5793A0009C7FB /* UIWebViewLayoutTests.xctest */,
				392061091DD5793A0009C7FB /* UIWebViewLayoutUITests.xctest */,
			);
			name = Products;
			sourceTree = "<group>";
		};
		392060EC1DD5793A0009C7FB /* UIWebViewLayout */ = {
			isa = PBXGroup;
			children = (
				392060ED1DD5793A0009C7FB /* AppDelegate.swift */,
				392060EF1DD5793A0009C7FB /* ViewController.swift */,
				392060F11DD5793A0009C7FB /* Main.storyboard */,
				392060F41DD5793A0009C7FB /* Assets.xcassets */,
				392060F61DD5793A0009C7FB /* LaunchScreen.storyboard */,
				392060F91DD5793A0009C7FB /* Info.plist */,
				3920612E1DD5E2F20009C7FB /* UIWebViewLayout-Bridging-Header.h */,
				381874711DD959F9007020B6 /* CustomWebView.swift */,
			);
			path = UIWebViewLayout;
			sourceTree = "<group>";
		};
		392061011DD5793A0009C7FB /* UIWebViewLayoutTests */ = {
			isa = PBXGroup;
			children = (
				392061021DD5793A0009C7FB /* UIWebViewLayoutTests.swift */,
				392061041DD5793A0009C7FB /* Info.plist */,
			);
			path = UIWebViewLayoutTests;
			sourceTree = "<group>";
		};
		3920610C1DD5793A0009C7FB /* UIWebViewLayoutUITests */ = {
			isa = PBXGroup;
			children = (
				3920610D1DD5793A0009C7FB /* UIWebViewLayoutUITests.swift */,
				3920610F1DD5793A0009C7FB /* Info.plist */,
			);
			path = UIWebViewLayoutUITests;
			sourceTree = "<group>";
		};
		A3079A583C57CE982C2E5C32 /* Pods */ = {
			isa = PBXGroup;
			children = (
				3805CAA41DE33294008E4C8E /* Mustache.xcodeproj */,
				3CD3C2D4004D4BB10CBE51CF /* Pods-UIWebViewLayout.debug.xcconfig */,
				195B7CA0634B784EA242DE1C /* Pods-UIWebViewLayout.release.xcconfig */,
			);
			name = Pods;
			sourceTree = "<group>";
		};
		E84AAC53F61591BA537C1180 /* Frameworks */ = {
			isa = PBXGroup;
			children = (
				C26196D1F18EDBB3062996A1 /* Pods_UIWebViewLayout.framework */,
			);
			name = Frameworks;
			sourceTree = "<group>";
		};
/* End PBXGroup section */

/* Begin PBXNativeTarget section */
		392060E91DD5793A0009C7FB /* UIWebViewLayout */ = {
			isa = PBXNativeTarget;
			buildConfigurationList = 392061121DD5793A0009C7FB /* Build configuration list for PBXNativeTarget "UIWebViewLayout" */;
			buildPhases = (
				92E39D3DC2A68B087F15D42C /* [CP] Check Pods Manifest.lock */,
				392060E61DD5793A0009C7FB /* Sources */,
				392060E71DD5793A0009C7FB /* Frameworks */,
				392060E81DD5793A0009C7FB /* Resources */,
				E3C135DEB0CDF8338E03F09A /* [CP] Embed Pods Frameworks */,
				151DF9DECA4F44B92F2FE9EB /* [CP] Copy Pods Resources */,
			);
			buildRules = (
			);
			dependencies = (
			);
			name = UIWebViewLayout;
			productName = UIWebViewLayout;
			productReference = 392060EA1DD5793A0009C7FB /* UIWebViewLayout.app */;
			productType = "com.apple.product-type.application";
		};
		392060FD1DD5793A0009C7FB /* UIWebViewLayoutTests */ = {
			isa = PBXNativeTarget;
			buildConfigurationList = 392061151DD5793A0009C7FB /* Build configuration list for PBXNativeTarget "UIWebViewLayoutTests" */;
			buildPhases = (
				392060FA1DD5793A0009C7FB /* Sources */,
				392060FB1DD5793A0009C7FB /* Frameworks */,
				392060FC1DD5793A0009C7FB /* Resources */,
			);
			buildRules = (
			);
			dependencies = (
				392061001DD5793A0009C7FB /* PBXTargetDependency */,
			);
			name = UIWebViewLayoutTests;
			productName = UIWebViewLayoutTests;
			productReference = 392060FE1DD5793A0009C7FB /* UIWebViewLayoutTests.xctest */;
			productType = "com.apple.product-type.bundle.unit-test";
		};
		392061081DD5793A0009C7FB /* UIWebViewLayoutUITests */ = {
			isa = PBXNativeTarget;
			buildConfigurationList = 392061181DD5793A0009C7FB /* Build configuration list for PBXNativeTarget "UIWebViewLayoutUITests" */;
			buildPhases = (
				392061051DD5793A0009C7FB /* Sources */,
				392061061DD5793A0009C7FB /* Frameworks */,
				392061071DD5793A0009C7FB /* Resources */,
			);
			buildRules = (
			);
			dependencies = (
				3920610B1DD5793A0009C7FB /* PBXTargetDependency */,
			);
			name = UIWebViewLayoutUITests;
			productName = UIWebViewLayoutUITests;
			productReference = 392061091DD5793A0009C7FB /* UIWebViewLayoutUITests.xctest */;
			productType = "com.apple.product-type.bundle.ui-testing";
		};
/* End PBXNativeTarget section */

/* Begin PBXProject section */
		392060E21DD5793A0009C7FB /* Project object */ = {
			isa = PBXProject;
			attributes = {
				LastSwiftUpdateCheck = 0800;
				LastUpgradeCheck = 0800;
				ORGANIZATIONNAME = tuvalusoftware;
				TargetAttributes = {
					392060E91DD5793A0009C7FB = {
						CreatedOnToolsVersion = 8.0;
						DevelopmentTeam = RQA68E574G;
						LastSwiftMigration = 0800;
						ProvisioningStyle = Automatic;
					};
					392060FD1DD5793A0009C7FB = {
						CreatedOnToolsVersion = 8.0;
						DevelopmentTeam = RQA68E574G;
						ProvisioningStyle = Automatic;
						TestTargetID = 392060E91DD5793A0009C7FB;
					};
					392061081DD5793A0009C7FB = {
						CreatedOnToolsVersion = 8.0;
						DevelopmentTeam = RQA68E574G;
						ProvisioningStyle = Automatic;
						TestTargetID = 392060E91DD5793A0009C7FB;
					};
				};
			};
			buildConfigurationList = 392060E51DD5793A0009C7FB /* Build configuration list for PBXProject "UIWebViewLayout" */;
			compatibilityVersion = "Xcode 3.2";
			developmentRegion = English;
			hasScannedForEncodings = 0;
			knownRegions = (
				en,
				Base,
			);
			mainGroup = 392060E11DD5793A0009C7FB;
			productRefGroup = 392060EB1DD5793A0009C7FB /* Products */;
			projectDirPath = "";
			projectReferences = (
				{
					ProductGroup = 3805CAA51DE33294008E4C8E /* Products */;
					ProjectRef = 3805CAA41DE33294008E4C8E /* Mustache.xcodeproj */;
				},
			);
			projectRoot = "";
			targets = (
				392060E91DD5793A0009C7FB /* UIWebViewLayout */,
				392060FD1DD5793A0009C7FB /* UIWebViewLayoutTests */,
				392061081DD5793A0009C7FB /* UIWebViewLayoutUITests */,
			);
		};
/* End PBXProject section */

/* Begin PBXReferenceProxy section */
		3805CAAE1DE33294008E4C8E /* Mustache.framework */ = {
			isa = PBXReferenceProxy;
			fileType = wrapper.framework;
			path = Mustache.framework;
			remoteRef = 3805CAAD1DE33294008E4C8E /* PBXContainerItemProxy */;
			sourceTree = BUILT_PRODUCTS_DIR;
		};
		3805CAB01DE33294008E4C8E /* MustacheiOSTests.xctest */ = {
			isa = PBXReferenceProxy;
			fileType = wrapper.cfbundle;
			path = MustacheiOSTests.xctest;
			remoteRef = 3805CAAF1DE33294008E4C8E /* PBXContainerItemProxy */;
			sourceTree = BUILT_PRODUCTS_DIR;
		};
		3805CAB21DE33294008E4C8E /* Mustache.framework */ = {
			isa = PBXReferenceProxy;
			fileType = wrapper.framework;
			path = Mustache.framework;
			remoteRef = 3805CAB11DE33294008E4C8E /* PBXContainerItemProxy */;
			sourceTree = BUILT_PRODUCTS_DIR;
		};
		3805CAB41DE33294008E4C8E /* MustacheOSXTests.xctest */ = {
			isa = PBXReferenceProxy;
			fileType = wrapper.cfbundle;
			path = MustacheOSXTests.xctest;
			remoteRef = 3805CAB31DE33294008E4C8E /* PBXContainerItemProxy */;
			sourceTree = BUILT_PRODUCTS_DIR;
		};
		3805CAB61DE33294008E4C8E /* Mustache.framework */ = {
			isa = PBXReferenceProxy;
			fileType = wrapper.framework;
			path = Mustache.framework;
			remoteRef = 3805CAB51DE33294008E4C8E /* PBXContainerItemProxy */;
			sourceTree = BUILT_PRODUCTS_DIR;
		};
		3805CAB81DE33294008E4C8E /* MustacheTVOSTests.xctest */ = {
			isa = PBXReferenceProxy;
			fileType = wrapper.cfbundle;
			path = MustacheTVOSTests.xctest;
			remoteRef = 3805CAB71DE33294008E4C8E /* PBXContainerItemProxy */;
			sourceTree = BUILT_PRODUCTS_DIR;
		};
/* End PBXReferenceProxy section */

/* Begin PBXResourcesBuildPhase section */
		392060E81DD5793A0009C7FB /* Resources */ = {
			isa = PBXResourcesBuildPhase;
			buildActionMask = 2147483647;
			files = (
				392060F81DD5793A0009C7FB /* LaunchScreen.storyboard in Resources */,
				392060F51DD5793A0009C7FB /* Assets.xcassets in Resources */,
				392060F31DD5793A0009C7FB /* Main.storyboard in Resources */,
			);
			runOnlyForDeploymentPostprocessing = 0;
		};
		392060FC1DD5793A0009C7FB /* Resources */ = {
			isa = PBXResourcesBuildPhase;
			buildActionMask = 2147483647;
			files = (
			);
			runOnlyForDeploymentPostprocessing = 0;
		};
		392061071DD5793A0009C7FB /* Resources */ = {
			isa = PBXResourcesBuildPhase;
			buildActionMask = 2147483647;
			files = (
			);
			runOnlyForDeploymentPostprocessing = 0;
		};
/* End PBXResourcesBuildPhase section */

/* Begin PBXShellScriptBuildPhase section */
		151DF9DECA4F44B92F2FE9EB /* [CP] Copy Pods Resources */ = {
			isa = PBXShellScriptBuildPhase;
			buildActionMask = 2147483647;
			files = (
			);
			inputPaths = (
			);
			name = "[CP] Copy Pods Resources";
			outputPaths = (
			);
			runOnlyForDeploymentPostprocessing = 0;
			shellPath = /bin/sh;
			shellScript = "\"${SRCROOT}/Pods/Target Support Files/Pods-UIWebViewLayout/Pods-UIWebViewLayout-resources.sh\"\n";
			showEnvVarsInLog = 0;
		};
		92E39D3DC2A68B087F15D42C /* [CP] Check Pods Manifest.lock */ = {
			isa = PBXShellScriptBuildPhase;
			buildActionMask = 2147483647;
			files = (
			);
			inputPaths = (
			);
			name = "[CP] Check Pods Manifest.lock";
			outputPaths = (
			);
			runOnlyForDeploymentPostprocessing = 0;
			shellPath = /bin/sh;
			shellScript = "diff \"${PODS_ROOT}/../Podfile.lock\" \"${PODS_ROOT}/Manifest.lock\" > /dev/null\nif [ $? != 0 ] ; then\n    # print error to STDERR\n    echo \"error: The sandbox is not in sync with the Podfile.lock. Run 'pod install' or update your CocoaPods installation.\" >&2\n    exit 1\nfi\n";
			showEnvVarsInLog = 0;
		};
		E3C135DEB0CDF8338E03F09A /* [CP] Embed Pods Frameworks */ = {
			isa = PBXShellScriptBuildPhase;
			buildActionMask = 2147483647;
			files = (
			);
			inputPaths = (
			);
			name = "[CP] Embed Pods Frameworks";
			outputPaths = (
			);
			runOnlyForDeploymentPostprocessing = 0;
			shellPath = /bin/sh;
			shellScript = "\"${SRCROOT}/Pods/Target Support Files/Pods-UIWebViewLayout/Pods-UIWebViewLayout-frameworks.sh\"\n";
			showEnvVarsInLog = 0;
		};
/* End PBXShellScriptBuildPhase section */

/* Begin PBXSourcesBuildPhase section */
		392060E61DD5793A0009C7FB /* Sources */ = {
			isa = PBXSourcesBuildPhase;
			buildActionMask = 2147483647;
			files = (
				3805CAFC1DE33469008E4C8E /* TemplateParser.swift in Sources */,
				3805CAF91DE33469008E4C8E /* TemplateASTNode.swift in Sources */,
				3805CAE21DE33469008E4C8E /* CoreFunctions.swift in Sources */,
				3805CAF01DE33469008E4C8E /* Logger.swift in Sources */,
				3805CAF51DE33469008E4C8E /* SwiftStandardLibrary.swift in Sources */,
				3805CAF41DE33469008E4C8E /* StandardLibrary.swift in Sources */,
				3805CAFF1DE33469008E4C8E /* URLEscapeHelper.swift in Sources */,
				3805CAE01DE33469008E4C8E /* Configuration.swift in Sources */,
				392060F01DD5793A0009C7FB /* ViewController.swift in Sources */,
				3805CAF71DE33469008E4C8E /* Template.swift in Sources */,
				3805CAFA1DE33469008E4C8E /* TemplateCompiler.swift in Sources */,
				3805CAF21DE33469008E4C8E /* RenderingEngine.swift in Sources */,
				3805CADE1DE33469008E4C8E /* Box.swift in Sources */,
				3805CAEB1DE33469008E4C8E /* Foundation.swift in Sources */,
				3805CAF11DE33469008E4C8E /* MustacheBox.swift in Sources */,
				3805CAED1DE33469008E4C8E /* JavascriptEscapeHelper.swift in Sources */,
				3805CAE41DE33469008E4C8E /* EachFilter.swift in Sources */,
				3805CAEE1DE33469008E4C8E /* Localizer.swift in Sources */,
				3805CAE51DE33469008E4C8E /* Expression.swift in Sources */,
				3805CAE31DE33469008E4C8E /* CoreGraphics.swift in Sources */,
				3805CB001DE33469008E4C8E /* VariableTag.swift in Sources */,
				3805CAE91DE33469008E4C8E /* Fixit-1.1.0.swift in Sources */,
				3805CAE11DE33469008E4C8E /* Context.swift in Sources */,
				3805CAE71DE33469008E4C8E /* ExpressionInvocation.swift in Sources */,
				3805CAEF1DE33469008E4C8E /* LocatedTag.swift in Sources */,
				392060EE1DD5793A0009C7FB /* AppDelegate.swift in Sources */,
				3805CADF1DE33469008E4C8E /* Common.swift in Sources */,
				3805CAEC1DE33469008E4C8E /* HTMLEscapeHelper.swift in Sources */,
				381874721DD959F9007020B6 /* CustomWebView.swift in Sources */,
				3805CAFD1DE33469008E4C8E /* TemplateRepository.swift in Sources */,
				3805CAFB1DE33469008E4C8E /* TemplateGenerator.swift in Sources */,
				3805CAF81DE33469008E4C8E /* TemplateAST.swift in Sources */,
				3805CB011DE33469008E4C8E /* ZipFilter.swift in Sources */,
				3805CAF31DE33469008E4C8E /* SectionTag.swift in Sources */,
				3805CAF61DE33469008E4C8E /* Tag.swift in Sources */,
				3805CAE81DE33469008E4C8E /* ExpressionParser.swift in Sources */,
				3805CAEA1DE33469008E4C8E /* Formatter.swift in Sources */,
				3805CAE61DE33469008E4C8E /* ExpressionGenerator.swift in Sources */,
				3805CAFE1DE33469008E4C8E /* TemplateToken.swift in Sources */,
			);
			runOnlyForDeploymentPostprocessing = 0;
		};
		392060FA1DD5793A0009C7FB /* Sources */ = {
			isa = PBXSourcesBuildPhase;
			buildActionMask = 2147483647;
			files = (
				392061031DD5793A0009C7FB /* UIWebViewLayoutTests.swift in Sources */,
			);
			runOnlyForDeploymentPostprocessing = 0;
		};
		392061051DD5793A0009C7FB /* Sources */ = {
			isa = PBXSourcesBuildPhase;
			buildActionMask = 2147483647;
			files = (
				3920610E1DD5793A0009C7FB /* UIWebViewLayoutUITests.swift in Sources */,
			);
			runOnlyForDeploymentPostprocessing = 0;
		};
/* End PBXSourcesBuildPhase section */

/* Begin PBXTargetDependency section */
		392061001DD5793A0009C7FB /* PBXTargetDependency */ = {
			isa = PBXTargetDependency;
			target = 392060E91DD5793A0009C7FB /* UIWebViewLayout */;
			targetProxy = 392060FF1DD5793A0009C7FB /* PBXContainerItemProxy */;
		};
		3920610B1DD5793A0009C7FB /* PBXTargetDependency */ = {
			isa = PBXTargetDependency;
			target = 392060E91DD5793A0009C7FB /* UIWebViewLayout */;
			targetProxy = 3920610A1DD5793A0009C7FB /* PBXContainerItemProxy */;
		};
/* End PBXTargetDependency section */

/* Begin PBXVariantGroup section */
		392060F11DD5793A0009C7FB /* Main.storyboard */ = {
			isa = PBXVariantGroup;
			children = (
				392060F21DD5793A0009C7FB /* Base */,
			);
			name = Main.storyboard;
			sourceTree = "<group>";
		};
		392060F61DD5793A0009C7FB /* LaunchScreen.storyboard */ = {
			isa = PBXVariantGroup;
			children = (
				392060F71DD5793A0009C7FB /* Base */,
			);
			name = LaunchScreen.storyboard;
			sourceTree = "<group>";
		};
/* End PBXVariantGroup section */

/* Begin XCBuildConfiguration section */
		392061101DD5793A0009C7FB /* Debug */ = {
			isa = XCBuildConfiguration;
			buildSettings = {
				ALWAYS_SEARCH_USER_PATHS = NO;
				CLANG_ANALYZER_NONNULL = YES;
				CLANG_CXX_LANGUAGE_STANDARD = "gnu++0x";
				CLANG_CXX_LIBRARY = "libc++";
				CLANG_ENABLE_MODULES = YES;
				CLANG_ENABLE_OBJC_ARC = YES;
				CLANG_WARN_BOOL_CONVERSION = YES;
				CLANG_WARN_CONSTANT_CONVERSION = YES;
				CLANG_WARN_DIRECT_OBJC_ISA_USAGE = YES_ERROR;
				CLANG_WARN_DOCUMENTATION_COMMENTS = YES;
				CLANG_WARN_EMPTY_BODY = YES;
				CLANG_WARN_ENUM_CONVERSION = YES;
				CLANG_WARN_INFINITE_RECURSION = YES;
				CLANG_WARN_INT_CONVERSION = YES;
				CLANG_WARN_OBJC_ROOT_CLASS = YES_ERROR;
				CLANG_WARN_SUSPICIOUS_MOVES = YES;
				CLANG_WARN_UNREACHABLE_CODE = YES;
				CLANG_WARN__DUPLICATE_METHOD_MATCH = YES;
				"CODE_SIGN_IDENTITY[sdk=iphoneos*]" = "iPhone Developer";
				COPY_PHASE_STRIP = NO;
				DEBUG_INFORMATION_FORMAT = dwarf;
				ENABLE_STRICT_OBJC_MSGSEND = YES;
				ENABLE_TESTABILITY = YES;
				GCC_C_LANGUAGE_STANDARD = gnu99;
				GCC_DYNAMIC_NO_PIC = NO;
				GCC_NO_COMMON_BLOCKS = YES;
				GCC_OPTIMIZATION_LEVEL = 0;
				GCC_PREPROCESSOR_DEFINITIONS = (
					"DEBUG=1",
					"$(inherited)",
				);
				GCC_WARN_64_TO_32_BIT_CONVERSION = YES;
				GCC_WARN_ABOUT_RETURN_TYPE = YES_ERROR;
				GCC_WARN_UNDECLARED_SELECTOR = YES;
				GCC_WARN_UNINITIALIZED_AUTOS = YES_AGGRESSIVE;
				GCC_WARN_UNUSED_FUNCTION = YES;
				GCC_WARN_UNUSED_VARIABLE = YES;
				IPHONEOS_DEPLOYMENT_TARGET = 10.0;
				MTL_ENABLE_DEBUG_INFO = YES;
				ONLY_ACTIVE_ARCH = YES;
				SDKROOT = iphoneos;
				SWIFT_ACTIVE_COMPILATION_CONDITIONS = DEBUG;
				SWIFT_OPTIMIZATION_LEVEL = "-Onone";
				TARGETED_DEVICE_FAMILY = "1,2";
			};
			name = Debug;
		};
		392061111DD5793A0009C7FB /* Release */ = {
			isa = XCBuildConfiguration;
			buildSettings = {
				ALWAYS_SEARCH_USER_PATHS = NO;
				CLANG_ANALYZER_NONNULL = YES;
				CLANG_CXX_LANGUAGE_STANDARD = "gnu++0x";
				CLANG_CXX_LIBRARY = "libc++";
				CLANG_ENABLE_MODULES = YES;
				CLANG_ENABLE_OBJC_ARC = YES;
				CLANG_WARN_BOOL_CONVERSION = YES;
				CLANG_WARN_CONSTANT_CONVERSION = YES;
				CLANG_WARN_DIRECT_OBJC_ISA_USAGE = YES_ERROR;
				CLANG_WARN_DOCUMENTATION_COMMENTS = YES;
				CLANG_WARN_EMPTY_BODY = YES;
				CLANG_WARN_ENUM_CONVERSION = YES;
				CLANG_WARN_INFINITE_RECURSION = YES;
				CLANG_WARN_INT_CONVERSION = YES;
				CLANG_WARN_OBJC_ROOT_CLASS = YES_ERROR;
				CLANG_WARN_SUSPICIOUS_MOVES = YES;
				CLANG_WARN_UNREACHABLE_CODE = YES;
				CLANG_WARN__DUPLICATE_METHOD_MATCH = YES;
				"CODE_SIGN_IDENTITY[sdk=iphoneos*]" = "iPhone Developer";
				COPY_PHASE_STRIP = NO;
				DEBUG_INFORMATION_FORMAT = "dwarf-with-dsym";
				ENABLE_NS_ASSERTIONS = NO;
				ENABLE_STRICT_OBJC_MSGSEND = YES;
				GCC_C_LANGUAGE_STANDARD = gnu99;
				GCC_NO_COMMON_BLOCKS = YES;
				GCC_WARN_64_TO_32_BIT_CONVERSION = YES;
				GCC_WARN_ABOUT_RETURN_TYPE = YES_ERROR;
				GCC_WARN_UNDECLARED_SELECTOR = YES;
				GCC_WARN_UNINITIALIZED_AUTOS = YES_AGGRESSIVE;
				GCC_WARN_UNUSED_FUNCTION = YES;
				GCC_WARN_UNUSED_VARIABLE = YES;
				IPHONEOS_DEPLOYMENT_TARGET = 10.0;
				MTL_ENABLE_DEBUG_INFO = NO;
				SDKROOT = iphoneos;
				SWIFT_OPTIMIZATION_LEVEL = "-Owholemodule";
				TARGETED_DEVICE_FAMILY = "1,2";
				VALIDATE_PRODUCT = YES;
			};
			name = Release;
		};
		392061131DD5793A0009C7FB /* Debug */ = {
			isa = XCBuildConfiguration;
			baseConfigurationReference = 3CD3C2D4004D4BB10CBE51CF /* Pods-UIWebViewLayout.debug.xcconfig */;
			buildSettings = {
				ASSETCATALOG_COMPILER_APPICON_NAME = AppIcon;
				CLANG_ENABLE_MODULES = YES;
				DEVELOPMENT_TEAM = RQA68E574G;
				INFOPLIST_FILE = UIWebViewLayout/Info.plist;
				LD_RUNPATH_SEARCH_PATHS = "$(inherited) @executable_path/Frameworks";
				PRODUCT_BUNDLE_IDENTIFIER = touchstone.ai.UIWebViewLayout;
				PRODUCT_NAME = "$(TARGET_NAME)";
				SWIFT_OBJC_BRIDGING_HEADER = "UIWebViewLayout/UIWebViewLayout-Bridging-Header.h";
				SWIFT_OPTIMIZATION_LEVEL = "-Onone";
				SWIFT_VERSION = 3.0;
			};
			name = Debug;
		};
		392061141DD5793A0009C7FB /* Release */ = {
			isa = XCBuildConfiguration;
			baseConfigurationReference = 195B7CA0634B784EA242DE1C /* Pods-UIWebViewLayout.release.xcconfig */;
			buildSettings = {
				ASSETCATALOG_COMPILER_APPICON_NAME = AppIcon;
				CLANG_ENABLE_MODULES = YES;
				DEVELOPMENT_TEAM = RQA68E574G;
				INFOPLIST_FILE = UIWebViewLayout/Info.plist;
				LD_RUNPATH_SEARCH_PATHS = "$(inherited) @executable_path/Frameworks";
				PRODUCT_BUNDLE_IDENTIFIER = touchstone.ai.UIWebViewLayout;
				PRODUCT_NAME = "$(TARGET_NAME)";
				SWIFT_OBJC_BRIDGING_HEADER = "UIWebViewLayout/UIWebViewLayout-Bridging-Header.h";
				SWIFT_VERSION = 3.0;
			};
			name = Release;
		};
		392061161DD5793A0009C7FB /* Debug */ = {
			isa = XCBuildConfiguration;
			buildSettings = {
				ALWAYS_EMBED_SWIFT_STANDARD_LIBRARIES = YES;
				BUNDLE_LOADER = "$(TEST_HOST)";
				DEVELOPMENT_TEAM = RQA68E574G;
				INFOPLIST_FILE = UIWebViewLayoutTests/Info.plist;
				LD_RUNPATH_SEARCH_PATHS = "$(inherited) @executable_path/Frameworks @loader_path/Frameworks";
				PRODUCT_BUNDLE_IDENTIFIER = touchstone.ai.UIWebViewLayoutTests;
				PRODUCT_NAME = "$(TARGET_NAME)";
				SWIFT_VERSION = 3.0;
				TEST_HOST = "$(BUILT_PRODUCTS_DIR)/UIWebViewLayout.app/UIWebViewLayout";
			};
			name = Debug;
		};
		392061171DD5793A0009C7FB /* Release */ = {
			isa = XCBuildConfiguration;
			buildSettings = {
				ALWAYS_EMBED_SWIFT_STANDARD_LIBRARIES = YES;
				BUNDLE_LOADER = "$(TEST_HOST)";
				DEVELOPMENT_TEAM = RQA68E574G;
				INFOPLIST_FILE = UIWebViewLayoutTests/Info.plist;
				LD_RUNPATH_SEARCH_PATHS = "$(inherited) @executable_path/Frameworks @loader_path/Frameworks";
				PRODUCT_BUNDLE_IDENTIFIER = touchstone.ai.UIWebViewLayoutTests;
				PRODUCT_NAME = "$(TARGET_NAME)";
				SWIFT_VERSION = 3.0;
				TEST_HOST = "$(BUILT_PRODUCTS_DIR)/UIWebViewLayout.app/UIWebViewLayout";
			};
			name = Release;
		};
		392061191DD5793A0009C7FB /* Debug */ = {
			isa = XCBuildConfiguration;
			buildSettings = {
				ALWAYS_EMBED_SWIFT_STANDARD_LIBRARIES = YES;
				DEVELOPMENT_TEAM = RQA68E574G;
				INFOPLIST_FILE = UIWebViewLayoutUITests/Info.plist;
				LD_RUNPATH_SEARCH_PATHS = "$(inherited) @executable_path/Frameworks @loader_path/Frameworks";
				PRODUCT_BUNDLE_IDENTIFIER = touchstone.ai.UIWebViewLayoutUITests;
				PRODUCT_NAME = "$(TARGET_NAME)";
				SWIFT_VERSION = 3.0;
				TEST_TARGET_NAME = UIWebViewLayout;
			};
			name = Debug;
		};
		3920611A1DD5793A0009C7FB /* Release */ = {
			isa = XCBuildConfiguration;
			buildSettings = {
				ALWAYS_EMBED_SWIFT_STANDARD_LIBRARIES = YES;
				DEVELOPMENT_TEAM = RQA68E574G;
				INFOPLIST_FILE = UIWebViewLayoutUITests/Info.plist;
				LD_RUNPATH_SEARCH_PATHS = "$(inherited) @executable_path/Frameworks @loader_path/Frameworks";
				PRODUCT_BUNDLE_IDENTIFIER = touchstone.ai.UIWebViewLayoutUITests;
				PRODUCT_NAME = "$(TARGET_NAME)";
				SWIFT_VERSION = 3.0;
				TEST_TARGET_NAME = UIWebViewLayout;
			};
			name = Release;
		};
/* End XCBuildConfiguration section */

/* Begin XCConfigurationList section */
		392060E51DD5793A0009C7FB /* Build configuration list for PBXProject "UIWebViewLayout" */ = {
			isa = XCConfigurationList;
			buildConfigurations = (
				392061101DD5793A0009C7FB /* Debug */,
				392061111DD5793A0009C7FB /* Release */,
			);
			defaultConfigurationIsVisible = 0;
			defaultConfigurationName = Release;
		};
		392061121DD5793A0009C7FB /* Build configuration list for PBXNativeTarget "UIWebViewLayout" */ = {
			isa = XCConfigurationList;
			buildConfigurations = (
				392061131DD5793A0009C7FB /* Debug */,
				392061141DD5793A0009C7FB /* Release */,
			);
			defaultConfigurationIsVisible = 0;
			defaultConfigurationName = Release;
		};
		392061151DD5793A0009C7FB /* Build configuration list for PBXNativeTarget "UIWebViewLayoutTests" */ = {
			isa = XCConfigurationList;
			buildConfigurations = (
				392061161DD5793A0009C7FB /* Debug */,
				392061171DD5793A0009C7FB /* Release */,
			);
			defaultConfigurationIsVisible = 0;
			defaultConfigurationName = Release;
		};
		392061181DD5793A0009C7FB /* Build configuration list for PBXNativeTarget "UIWebViewLayoutUITests" */ = {
			isa = XCConfigurationList;
			buildConfigurations = (
				392061191DD5793A0009C7FB /* Debug */,
				3920611A1DD5793A0009C7FB /* Release */,
			);
			defaultConfigurationIsVisible = 0;
			defaultConfigurationName = Release;
		};
/* End XCConfigurationList section */
	};
	rootObject = 392060E21DD5793A0009C7FB /* Project object */;
}
