// !$*UTF8*$!
{
	archiveVersion = 1;
	classes = {
	};
	objectVersion = 46;
	objects = {

/* Begin PBXBuildFile section */
		0F73929F24E3663FA6FE00DA /* Pods_UIWebViewLayout.framework in Frameworks */ = {isa = PBXBuildFile; fileRef = C26196D1F18EDBB3062996A1 /* Pods_UIWebViewLayout.framework */; };
		381874721DD959F9007020B6 /* CustomWebView.swift in Sources */ = {isa = PBXBuildFile; fileRef = 381874711DD959F9007020B6 /* CustomWebView.swift */; };
		392060EE1DD5793A0009C7FB /* AppDelegate.swift in Sources */ = {isa = PBXBuildFile; fileRef = 392060ED1DD5793A0009C7FB /* AppDelegate.swift */; };
		392060F01DD5793A0009C7FB /* ViewController.swift in Sources */ = {isa = PBXBuildFile; fileRef = 392060EF1DD5793A0009C7FB /* ViewController.swift */; };
		392060F31DD5793A0009C7FB /* Main.storyboard in Resources */ = {isa = PBXBuildFile; fileRef = 392060F11DD5793A0009C7FB /* Main.storyboard */; };
		392060F51DD5793A0009C7FB /* Assets.xcassets in Resources */ = {isa = PBXBuildFile; fileRef = 392060F41DD5793A0009C7FB /* Assets.xcassets */; };
		392060F81DD5793A0009C7FB /* LaunchScreen.storyboard in Resources */ = {isa = PBXBuildFile; fileRef = 392060F61DD5793A0009C7FB /* LaunchScreen.storyboard */; };
		392061031DD5793A0009C7FB /* UIWebViewLayoutTests.swift in Sources */ = {isa = PBXBuildFile; fileRef = 392061021DD5793A0009C7FB /* UIWebViewLayoutTests.swift */; };
		3920610E1DD5793A0009C7FB /* UIWebViewLayoutUITests.swift in Sources */ = {isa = PBXBuildFile; fileRef = 3920610D1DD5793A0009C7FB /* UIWebViewLayoutUITests.swift */; };
		3920616D1DD62FED0009C7FB /* css in Resources */ = {isa = PBXBuildFile; fileRef = 392061691DD62FEC0009C7FB /* css */; };
		3920616E1DD62FED0009C7FB /* index.html in Resources */ = {isa = PBXBuildFile; fileRef = 3920616A1DD62FEC0009C7FB /* index.html */; };
		3920616F1DD62FED0009C7FB /* js in Resources */ = {isa = PBXBuildFile; fileRef = 3920616B1DD62FEC0009C7FB /* js */; };
		392061701DD62FED0009C7FB /* scss in Resources */ = {isa = PBXBuildFile; fileRef = 3920616C1DD62FEC0009C7FB /* scss */; };
		392793571DDB7B99005F26EB /* angular-chart in Resources */ = {isa = PBXBuildFile; fileRef = 392793551DDB7B99005F26EB /* angular-chart */; };
		392793581DDB7B99005F26EB /* chart in Resources */ = {isa = PBXBuildFile; fileRef = 392793561DDB7B99005F26EB /* chart */; };
		3955ABB91DDB44C20086FEBD /* angular in Resources */ = {isa = PBXBuildFile; fileRef = 3955ABB21DDB44C20086FEBD /* angular */; };
		3955ABBA1DDB44C20086FEBD /* angular-animate in Resources */ = {isa = PBXBuildFile; fileRef = 3955ABB31DDB44C20086FEBD /* angular-animate */; };
		3955ABBB1DDB44C20086FEBD /* angular-aria in Resources */ = {isa = PBXBuildFile; fileRef = 3955ABB41DDB44C20086FEBD /* angular-aria */; };
		3955ABBD1DDB44C20086FEBD /* angular-material in Resources */ = {isa = PBXBuildFile; fileRef = 3955ABB61DDB44C20086FEBD /* angular-material */; };
		3955ABBE1DDB44C20086FEBD /* angular-messages in Resources */ = {isa = PBXBuildFile; fileRef = 3955ABB71DDB44C20086FEBD /* angular-messages */; };
/* End PBXBuildFile section */

/* Begin PBXContainerItemProxy section */
		392060FF1DD5793A0009C7FB /* PBXContainerItemProxy */ = {
			isa = PBXContainerItemProxy;
			containerPortal = 392060E21DD5793A0009C7FB /* Project object */;
			proxyType = 1;
			remoteGlobalIDString = 392060E91DD5793A0009C7FB;
			remoteInfo = UIWebViewLayout;
		};
		3920610A1DD5793A0009C7FB /* PBXContainerItemProxy */ = {
			isa = PBXContainerItemProxy;
			containerPortal = 392060E21DD5793A0009C7FB /* Project object */;
			proxyType = 1;
			remoteGlobalIDString = 392060E91DD5793A0009C7FB;
			remoteInfo = UIWebViewLayout;
		};
/* End PBXContainerItemProxy section */

/* Begin PBXFileReference section */
		195B7CA0634B784EA242DE1C /* Pods-UIWebViewLayout.release.xcconfig */ = {isa = PBXFileReference; includeInIndex = 1; lastKnownFileType = text.xcconfig; name = "Pods-UIWebViewLayout.release.xcconfig"; path = "Pods/Target Support Files/Pods-UIWebViewLayout/Pods-UIWebViewLayout.release.xcconfig"; sourceTree = "<group>"; };
		381874711DD959F9007020B6 /* CustomWebView.swift */ = {isa = PBXFileReference; fileEncoding = 4; lastKnownFileType = sourcecode.swift; path = CustomWebView.swift; sourceTree = "<group>"; };
		392060EA1DD5793A0009C7FB /* UIWebViewLayout.app */ = {isa = PBXFileReference; explicitFileType = wrapper.application; includeInIndex = 0; path = UIWebViewLayout.app; sourceTree = BUILT_PRODUCTS_DIR; };
		392060ED1DD5793A0009C7FB /* AppDelegate.swift */ = {isa = PBXFileReference; lastKnownFileType = sourcecode.swift; path = AppDelegate.swift; sourceTree = "<group>"; };
		392060EF1DD5793A0009C7FB /* ViewController.swift */ = {isa = PBXFileReference; lastKnownFileType = sourcecode.swift; path = ViewController.swift; sourceTree = "<group>"; };
		392060F21DD5793A0009C7FB /* Base */ = {isa = PBXFileReference; lastKnownFileType = file.storyboard; name = Base; path = Base.lproj/Main.storyboard; sourceTree = "<group>"; };
		392060F41DD5793A0009C7FB /* Assets.xcassets */ = {isa = PBXFileReference; lastKnownFileType = folder.assetcatalog; path = Assets.xcassets; sourceTree = "<group>"; };
		392060F71DD5793A0009C7FB /* Base */ = {isa = PBXFileReference; lastKnownFileType = file.storyboard; name = Base; path = Base.lproj/LaunchScreen.storyboard; sourceTree = "<group>"; };
		392060F91DD5793A0009C7FB /* Info.plist */ = {isa = PBXFileReference; lastKnownFileType = text.plist.xml; path = Info.plist; sourceTree = "<group>"; };
		392060FE1DD5793A0009C7FB /* UIWebViewLayoutTests.xctest */ = {isa = PBXFileReference; explicitFileType = wrapper.cfbundle; includeInIndex = 0; path = UIWebViewLayoutTests.xctest; sourceTree = BUILT_PRODUCTS_DIR; };
		392061021DD5793A0009C7FB /* UIWebViewLayoutTests.swift */ = {isa = PBXFileReference; lastKnownFileType = sourcecode.swift; path = UIWebViewLayoutTests.swift; sourceTree = "<group>"; };
		392061041DD5793A0009C7FB /* Info.plist */ = {isa = PBXFileReference; lastKnownFileType = text.plist.xml; path = Info.plist; sourceTree = "<group>"; };
		392061091DD5793A0009C7FB /* UIWebViewLayoutUITests.xctest */ = {isa = PBXFileReference; explicitFileType = wrapper.cfbundle; includeInIndex = 0; path = UIWebViewLayoutUITests.xctest; sourceTree = BUILT_PRODUCTS_DIR; };
		3920610D1DD5793A0009C7FB /* UIWebViewLayoutUITests.swift */ = {isa = PBXFileReference; lastKnownFileType = sourcecode.swift; path = UIWebViewLayoutUITests.swift; sourceTree = "<group>"; };
		3920610F1DD5793A0009C7FB /* Info.plist */ = {isa = PBXFileReference; lastKnownFileType = text.plist.xml; path = Info.plist; sourceTree = "<group>"; };
		3920612E1DD5E2F20009C7FB /* UIWebViewLayout-Bridging-Header.h */ = {isa = PBXFileReference; lastKnownFileType = sourcecode.c.h; path = "UIWebViewLayout-Bridging-Header.h"; sourceTree = "<group>"; };
		392061691DD62FEC0009C7FB /* css */ = {isa = PBXFileReference; lastKnownFileType = folder; path = css; sourceTree = "<group>"; };
		3920616A1DD62FEC0009C7FB /* index.html */ = {isa = PBXFileReference; fileEncoding = 4; lastKnownFileType = text.html; path = index.html; sourceTree = "<group>"; };
		3920616B1DD62FEC0009C7FB /* js */ = {isa = PBXFileReference; lastKnownFileType = folder; path = js; sourceTree = "<group>"; };
		3920616C1DD62FEC0009C7FB /* scss */ = {isa = PBXFileReference; lastKnownFileType = folder; path = scss; sourceTree = "<group>"; };
		392793551DDB7B99005F26EB /* angular-chart */ = {isa = PBXFileReference; lastKnownFileType = folder; path = "angular-chart"; sourceTree = "<group>"; };
		392793561DDB7B99005F26EB /* chart */ = {isa = PBXFileReference; lastKnownFileType = folder; path = chart; sourceTree = "<group>"; };
		3955ABB21DDB44C20086FEBD /* angular */ = {isa = PBXFileReference; lastKnownFileType = folder; path = angular; sourceTree = "<group>"; };
		3955ABB31DDB44C20086FEBD /* angular-animate */ = {isa = PBXFileReference; lastKnownFileType = folder; path = "angular-animate"; sourceTree = "<group>"; };
		3955ABB41DDB44C20086FEBD /* angular-aria */ = {isa = PBXFileReference; lastKnownFileType = folder; path = "angular-aria"; sourceTree = "<group>"; };
		3955ABB61DDB44C20086FEBD /* angular-material */ = {isa = PBXFileReference; lastKnownFileType = folder; path = "angular-material"; sourceTree = "<group>"; };
		3955ABB71DDB44C20086FEBD /* angular-messages */ = {isa = PBXFileReference; lastKnownFileType = folder; path = "angular-messages"; sourceTree = "<group>"; };
		3CD3C2D4004D4BB10CBE51CF /* Pods-UIWebViewLayout.debug.xcconfig */ = {isa = PBXFileReference; includeInIndex = 1; lastKnownFileType = text.xcconfig; name = "Pods-UIWebViewLayout.debug.xcconfig"; path = "Pods/Target Support Files/Pods-UIWebViewLayout/Pods-UIWebViewLayout.debug.xcconfig"; sourceTree = "<group>"; };
		C26196D1F18EDBB3062996A1 /* Pods_UIWebViewLayout.framework */ = {isa = PBXFileReference; explicitFileType = wrapper.framework; includeInIndex = 0; path = Pods_UIWebViewLayout.framework; sourceTree = BUILT_PRODUCTS_DIR; };
/* End PBXFileReference section */

/* Begin PBXFrameworksBuildPhase section */
		392060E71DD5793A0009C7FB /* Frameworks */ = {
			isa = PBXFrameworksBuildPhase;
			buildActionMask = 2147483647;
			files = (
				0F73929F24E3663FA6FE00DA /* Pods_UIWebViewLayout.framework in Frameworks */,
			);
			runOnlyForDeploymentPostprocessing = 0;
		};
		392060FB1DD5793A0009C7FB /* Frameworks */ = {
			isa = PBXFrameworksBuildPhase;
			buildActionMask = 2147483647;
			files = (
			);
			runOnlyForDeploymentPostprocessing = 0;
		};
		392061061DD5793A0009C7FB /* Frameworks */ = {
			isa = PBXFrameworksBuildPhase;
			buildActionMask = 2147483647;
			files = (
			);
			runOnlyForDeploymentPostprocessing = 0;
		};
/* End PBXFrameworksBuildPhase section */

/* Begin PBXGroup section */
		392060E11DD5793A0009C7FB = {
			isa = PBXGroup;
			children = (
				392060EC1DD5793A0009C7FB /* UIWebViewLayout */,
				392061011DD5793A0009C7FB /* UIWebViewLayoutTests */,
				3920610C1DD5793A0009C7FB /* UIWebViewLayoutUITests */,
				392060EB1DD5793A0009C7FB /* Products */,
				A3079A583C57CE982C2E5C32 /* Pods */,
				E84AAC53F61591BA537C1180 /* Frameworks */,
			);
			sourceTree = "<group>";
		};
		392060EB1DD5793A0009C7FB /* Products */ = {
			isa = PBXGroup;
			children = (
				392060EA1DD5793A0009C7FB /* UIWebViewLayout.app */,
				392060FE1DD5793A0009C7FB /* UIWebViewLayoutTests.xctest */,
				392061091DD5793A0009C7FB /* UIWebViewLayoutUITests.xctest */,
			);
			name = Products;
			sourceTree = "<group>";
		};
		392060EC1DD5793A0009C7FB /* UIWebViewLayout */ = {
			isa = PBXGroup;
			children = (
				3920611B1DD57C510009C7FB /* Resources */,
				392060ED1DD5793A0009C7FB /* AppDelegate.swift */,
				392060EF1DD5793A0009C7FB /* ViewController.swift */,
				392060F11DD5793A0009C7FB /* Main.storyboard */,
				392060F41DD5793A0009C7FB /* Assets.xcassets */,
				392060F61DD5793A0009C7FB /* LaunchScreen.storyboard */,
				392060F91DD5793A0009C7FB /* Info.plist */,
				3920612E1DD5E2F20009C7FB /* UIWebViewLayout-Bridging-Header.h */,
				381874711DD959F9007020B6 /* CustomWebView.swift */,
			);
			path = UIWebViewLayout;
			sourceTree = "<group>";
		};
		392061011DD5793A0009C7FB /* UIWebViewLayoutTests */ = {
			isa = PBXGroup;
			children = (
				392061021DD5793A0009C7FB /* UIWebViewLayoutTests.swift */,
				392061041DD5793A0009C7FB /* Info.plist */,
			);
			path = UIWebViewLayoutTests;
			sourceTree = "<group>";
		};
		3920610C1DD5793A0009C7FB /* UIWebViewLayoutUITests */ = {
			isa = PBXGroup;
			children = (
				3920610D1DD5793A0009C7FB /* UIWebViewLayoutUITests.swift */,
				3920610F1DD5793A0009C7FB /* Info.plist */,
			);
			path = UIWebViewLayoutUITests;
			sourceTree = "<group>";
		};
		3920611B1DD57C510009C7FB /* Resources */ = {
			isa = PBXGroup;
			children = (
				392061311DD606DF0009C7FB /* htdocs */,
			);
			name = Resources;
			sourceTree = "<group>";
		};
		392061311DD606DF0009C7FB /* htdocs */ = {
			isa = PBXGroup;
			children = (
				392793551DDB7B99005F26EB /* angular-chart */,
				392793561DDB7B99005F26EB /* chart */,
				3955ABB21DDB44C20086FEBD /* angular */,
				3955ABB31DDB44C20086FEBD /* angular-animate */,
				3955ABB41DDB44C20086FEBD /* angular-aria */,
				3955ABB61DDB44C20086FEBD /* angular-material */,
				3955ABB71DDB44C20086FEBD /* angular-messages */,
				392061691DD62FEC0009C7FB /* css */,
				3920616A1DD62FEC0009C7FB /* index.html */,
				3920616B1DD62FEC0009C7FB /* js */,
				3920616C1DD62FEC0009C7FB /* scss */,
			);
			name = htdocs;
			sourceTree = "<group>";
		};
		A3079A583C57CE982C2E5C32 /* Pods */ = {
			isa = PBXGroup;
			children = (
				3CD3C2D4004D4BB10CBE51CF /* Pods-UIWebViewLayout.debug.xcconfig */,
				195B7CA0634B784EA242DE1C /* Pods-UIWebViewLayout.release.xcconfig */,
			);
			name = Pods;
			sourceTree = "<group>";
		};
		E84AAC53F61591BA537C1180 /* Frameworks */ = {
			isa = PBXGroup;
			children = (
				C26196D1F18EDBB3062996A1 /* Pods_UIWebViewLayout.framework */,
			);
			name = Frameworks;
			sourceTree = "<group>";
		};
/* End PBXGroup section */

/* Begin PBXNativeTarget section */
		392060E91DD5793A0009C7FB /* UIWebViewLayout */ = {
			isa = PBXNativeTarget;
			buildConfigurationList = 392061121DD5793A0009C7FB /* Build configuration list for PBXNativeTarget "UIWebViewLayout" */;
			buildPhases = (
				92E39D3DC2A68B087F15D42C /* [CP] Check Pods Manifest.lock */,
				392060E61DD5793A0009C7FB /* Sources */,
				392060E71DD5793A0009C7FB /* Frameworks */,
				392060E81DD5793A0009C7FB /* Resources */,
				E3C135DEB0CDF8338E03F09A /* [CP] Embed Pods Frameworks */,
				151DF9DECA4F44B92F2FE9EB /* [CP] Copy Pods Resources */,
			);
			buildRules = (
			);
			dependencies = (
			);
			name = UIWebViewLayout;
			productName = UIWebViewLayout;
			productReference = 392060EA1DD5793A0009C7FB /* UIWebViewLayout.app */;
			productType = "com.apple.product-type.application";
		};
		392060FD1DD5793A0009C7FB /* UIWebViewLayoutTests */ = {
			isa = PBXNativeTarget;
			buildConfigurationList = 392061151DD5793A0009C7FB /* Build configuration list for PBXNativeTarget "UIWebViewLayoutTests" */;
			buildPhases = (
				392060FA1DD5793A0009C7FB /* Sources */,
				392060FB1DD5793A0009C7FB /* Frameworks */,
				392060FC1DD5793A0009C7FB /* Resources */,
			);
			buildRules = (
			);
			dependencies = (
				392061001DD5793A0009C7FB /* PBXTargetDependency */,
			);
			name = UIWebViewLayoutTests;
			productName = UIWebViewLayoutTests;
			productReference = 392060FE1DD5793A0009C7FB /* UIWebViewLayoutTests.xctest */;
			productType = "com.apple.product-type.bundle.unit-test";
		};
		392061081DD5793A0009C7FB /* UIWebViewLayoutUITests */ = {
			isa = PBXNativeTarget;
			buildConfigurationList = 392061181DD5793A0009C7FB /* Build configuration list for PBXNativeTarget "UIWebViewLayoutUITests" */;
			buildPhases = (
				392061051DD5793A0009C7FB /* Sources */,
				392061061DD5793A0009C7FB /* Frameworks */,
				392061071DD5793A0009C7FB /* Resources */,
			);
			buildRules = (
			);
			dependencies = (
				3920610B1DD5793A0009C7FB /* PBXTargetDependency */,
			);
			name = UIWebViewLayoutUITests;
			productName = UIWebViewLayoutUITests;
			productReference = 392061091DD5793A0009C7FB /* UIWebViewLayoutUITests.xctest */;
			productType = "com.apple.product-type.bundle.ui-testing";
		};
/* End PBXNativeTarget section */

/* Begin PBXProject section */
		392060E21DD5793A0009C7FB /* Project object */ = {
			isa = PBXProject;
			attributes = {
				LastSwiftUpdateCheck = 0800;
				LastUpgradeCheck = 0800;
				ORGANIZATIONNAME = tuvalusoftware;
				TargetAttributes = {
					392060E91DD5793A0009C7FB = {
						CreatedOnToolsVersion = 8.0;
						DevelopmentTeam = RQA68E574G;
						LastSwiftMigration = 0800;
						ProvisioningStyle = Automatic;
					};
					392060FD1DD5793A0009C7FB = {
						CreatedOnToolsVersion = 8.0;
						DevelopmentTeam = RQA68E574G;
						ProvisioningStyle = Automatic;
						TestTargetID = 392060E91DD5793A0009C7FB;
					};
					392061081DD5793A0009C7FB = {
						CreatedOnToolsVersion = 8.0;
						DevelopmentTeam = RQA68E574G;
						ProvisioningStyle = Automatic;
						TestTargetID = 392060E91DD5793A0009C7FB;
					};
				};
			};
			buildConfigurationList = 392060E51DD5793A0009C7FB /* Build configuration list for PBXProject "UIWebViewLayout" */;
			compatibilityVersion = "Xcode 3.2";
			developmentRegion = English;
			hasScannedForEncodings = 0;
			knownRegions = (
				en,
				Base,
			);
			mainGroup = 392060E11DD5793A0009C7FB;
			productRefGroup = 392060EB1DD5793A0009C7FB /* Products */;
			projectDirPath = "";
			projectRoot = "";
			targets = (
				392060E91DD5793A0009C7FB /* UIWebViewLayout */,
				392060FD1DD5793A0009C7FB /* UIWebViewLayoutTests */,
				392061081DD5793A0009C7FB /* UIWebViewLayoutUITests */,
			);
		};
/* End PBXProject section */

/* Begin PBXResourcesBuildPhase section */
		392060E81DD5793A0009C7FB /* Resources */ = {
			isa = PBXResourcesBuildPhase;
			buildActionMask = 2147483647;
			files = (
				3920616D1DD62FED0009C7FB /* css in Resources */,
				3955ABB91DDB44C20086FEBD /* angular in Resources */,
				3955ABBE1DDB44C20086FEBD /* angular-messages in Resources */,
				3955ABBD1DDB44C20086FEBD /* angular-material in Resources */,
				3955ABBA1DDB44C20086FEBD /* angular-animate in Resources */,
				392060F81DD5793A0009C7FB /* LaunchScreen.storyboard in Resources */,
				392061701DD62FED0009C7FB /* scss in Resources */,
				3920616E1DD62FED0009C7FB /* index.html in Resources */,
				392793571DDB7B99005F26EB /* angular-chart in Resources */,
				3920616F1DD62FED0009C7FB /* js in Resources */,
				392060F51DD5793A0009C7FB /* Assets.xcassets in Resources */,
				392793581DDB7B99005F26EB /* chart in Resources */,
				3955ABBB1DDB44C20086FEBD /* angular-aria in Resources */,
				392060F31DD5793A0009C7FB /* Main.storyboard in Resources */,
			);
			runOnlyForDeploymentPostprocessing = 0;
		};
		392060FC1DD5793A0009C7FB /* Resources */ = {
			isa = PBXResourcesBuildPhase;
			buildActionMask = 2147483647;
			files = (
			);
			runOnlyForDeploymentPostprocessing = 0;
		};
		392061071DD5793A0009C7FB /* Resources */ = {
			isa = PBXResourcesBuildPhase;
			buildActionMask = 2147483647;
			files = (
			);
			runOnlyForDeploymentPostprocessing = 0;
		};
/* End PBXResourcesBuildPhase section */

/* Begin PBXShellScriptBuildPhase section */
		151DF9DECA4F44B92F2FE9EB /* [CP] Copy Pods Resources */ = {
			isa = PBXShellScriptBuildPhase;
			buildActionMask = 2147483647;
			files = (
			);
			inputPaths = (
			);
			name = "[CP] Copy Pods Resources";
			outputPaths = (
			);
			runOnlyForDeploymentPostprocessing = 0;
			shellPath = /bin/sh;
			shellScript = "\"${SRCROOT}/Pods/Target Support Files/Pods-UIWebViewLayout/Pods-UIWebViewLayout-resources.sh\"\n";
			showEnvVarsInLog = 0;
		};
		92E39D3DC2A68B087F15D42C /* [CP] Check Pods Manifest.lock */ = {
			isa = PBXShellScriptBuildPhase;
			buildActionMask = 2147483647;
			files = (
			);
			inputPaths = (
			);
			name = "[CP] Check Pods Manifest.lock";
			outputPaths = (
			);
			runOnlyForDeploymentPostprocessing = 0;
			shellPath = /bin/sh;
			shellScript = "diff \"${PODS_ROOT}/../Podfile.lock\" \"${PODS_ROOT}/Manifest.lock\" > /dev/null\nif [ $? != 0 ] ; then\n    # print error to STDERR\n    echo \"error: The sandbox is not in sync with the Podfile.lock. Run 'pod install' or update your CocoaPods installation.\" >&2\n    exit 1\nfi\n";
			showEnvVarsInLog = 0;
		};
		E3C135DEB0CDF8338E03F09A /* [CP] Embed Pods Frameworks */ = {
			isa = PBXShellScriptBuildPhase;
			buildActionMask = 2147483647;
			files = (
			);
			inputPaths = (
			);
			name = "[CP] Embed Pods Frameworks";
			outputPaths = (
			);
			runOnlyForDeploymentPostprocessing = 0;
			shellPath = /bin/sh;
			shellScript = "\"${SRCROOT}/Pods/Target Support Files/Pods-UIWebViewLayout/Pods-UIWebViewLayout-frameworks.sh\"\n";
			showEnvVarsInLog = 0;
		};
/* End PBXShellScriptBuildPhase section */

/* Begin PBXSourcesBuildPhase section */
		392060E61DD5793A0009C7FB /* Sources */ = {
			isa = PBXSourcesBuildPhase;
			buildActionMask = 2147483647;
			files = (
				392060F01DD5793A0009C7FB /* ViewController.swift in Sources */,
				392060EE1DD5793A0009C7FB /* AppDelegate.swift in Sources */,
				381874721DD959F9007020B6 /* CustomWebView.swift in Sources */,
			);
			runOnlyForDeploymentPostprocessing = 0;
		};
		392060FA1DD5793A0009C7FB /* Sources */ = {
			isa = PBXSourcesBuildPhase;
			buildActionMask = 2147483647;
			files = (
				392061031DD5793A0009C7FB /* UIWebViewLayoutTests.swift in Sources */,
			);
			runOnlyForDeploymentPostprocessing = 0;
		};
		392061051DD5793A0009C7FB /* Sources */ = {
			isa = PBXSourcesBuildPhase;
			buildActionMask = 2147483647;
			files = (
				3920610E1DD5793A0009C7FB /* UIWebViewLayoutUITests.swift in Sources */,
			);
			runOnlyForDeploymentPostprocessing = 0;
		};
/* End PBXSourcesBuildPhase section */

/* Begin PBXTargetDependency section */
		392061001DD5793A0009C7FB /* PBXTargetDependency */ = {
			isa = PBXTargetDependency;
			target = 392060E91DD5793A0009C7FB /* UIWebViewLayout */;
			targetProxy = 392060FF1DD5793A0009C7FB /* PBXContainerItemProxy */;
		};
		3920610B1DD5793A0009C7FB /* PBXTargetDependency */ = {
			isa = PBXTargetDependency;
			target = 392060E91DD5793A0009C7FB /* UIWebViewLayout */;
			targetProxy = 3920610A1DD5793A0009C7FB /* PBXContainerItemProxy */;
		};
/* End PBXTargetDependency section */

/* Begin PBXVariantGroup section */
		392060F11DD5793A0009C7FB /* Main.storyboard */ = {
			isa = PBXVariantGroup;
			children = (
				392060F21DD5793A0009C7FB /* Base */,
			);
			name = Main.storyboard;
			sourceTree = "<group>";
		};
		392060F61DD5793A0009C7FB /* LaunchScreen.storyboard */ = {
			isa = PBXVariantGroup;
			children = (
				392060F71DD5793A0009C7FB /* Base */,
			);
			name = LaunchScreen.storyboard;
			sourceTree = "<group>";
		};
/* End PBXVariantGroup section */

/* Begin XCBuildConfiguration section */
		392061101DD5793A0009C7FB /* Debug */ = {
			isa = XCBuildConfiguration;
			buildSettings = {
				ALWAYS_SEARCH_USER_PATHS = NO;
				CLANG_ANALYZER_NONNULL = YES;
				CLANG_CXX_LANGUAGE_STANDARD = "gnu++0x";
				CLANG_CXX_LIBRARY = "libc++";
				CLANG_ENABLE_MODULES = YES;
				CLANG_ENABLE_OBJC_ARC = YES;
				CLANG_WARN_BOOL_CONVERSION = YES;
				CLANG_WARN_CONSTANT_CONVERSION = YES;
				CLANG_WARN_DIRECT_OBJC_ISA_USAGE = YES_ERROR;
				CLANG_WARN_DOCUMENTATION_COMMENTS = YES;
				CLANG_WARN_EMPTY_BODY = YES;
				CLANG_WARN_ENUM_CONVERSION = YES;
				CLANG_WARN_INFINITE_RECURSION = YES;
				CLANG_WARN_INT_CONVERSION = YES;
				CLANG_WARN_OBJC_ROOT_CLASS = YES_ERROR;
				CLANG_WARN_SUSPICIOUS_MOVES = YES;
				CLANG_WARN_UNREACHABLE_CODE = YES;
				CLANG_WARN__DUPLICATE_METHOD_MATCH = YES;
				"CODE_SIGN_IDENTITY[sdk=iphoneos*]" = "iPhone Developer";
				COPY_PHASE_STRIP = NO;
				DEBUG_INFORMATION_FORMAT = dwarf;
				ENABLE_STRICT_OBJC_MSGSEND = YES;
				ENABLE_TESTABILITY = YES;
				GCC_C_LANGUAGE_STANDARD = gnu99;
				GCC_DYNAMIC_NO_PIC = NO;
				GCC_NO_COMMON_BLOCKS = YES;
				GCC_OPTIMIZATION_LEVEL = 0;
				GCC_PREPROCESSOR_DEFINITIONS = (
					"DEBUG=1",
					"$(inherited)",
				);
				GCC_WARN_64_TO_32_BIT_CONVERSION = YES;
				GCC_WARN_ABOUT_RETURN_TYPE = YES_ERROR;
				GCC_WARN_UNDECLARED_SELECTOR = YES;
				GCC_WARN_UNINITIALIZED_AUTOS = YES_AGGRESSIVE;
				GCC_WARN_UNUSED_FUNCTION = YES;
				GCC_WARN_UNUSED_VARIABLE = YES;
				IPHONEOS_DEPLOYMENT_TARGET = 10.0;
				MTL_ENABLE_DEBUG_INFO = YES;
				ONLY_ACTIVE_ARCH = YES;
				SDKROOT = iphoneos;
				SWIFT_ACTIVE_COMPILATION_CONDITIONS = DEBUG;
				SWIFT_OPTIMIZATION_LEVEL = "-Onone";
				TARGETED_DEVICE_FAMILY = "1,2";
			};
			name = Debug;
		};
		392061111DD5793A0009C7FB /* Release */ = {
			isa = XCBuildConfiguration;
			buildSettings = {
				ALWAYS_SEARCH_USER_PATHS = NO;
				CLANG_ANALYZER_NONNULL = YES;
				CLANG_CXX_LANGUAGE_STANDARD = "gnu++0x";
				CLANG_CXX_LIBRARY = "libc++";
				CLANG_ENABLE_MODULES = YES;
				CLANG_ENABLE_OBJC_ARC = YES;
				CLANG_WARN_BOOL_CONVERSION = YES;
				CLANG_WARN_CONSTANT_CONVERSION = YES;
				CLANG_WARN_DIRECT_OBJC_ISA_USAGE = YES_ERROR;
				CLANG_WARN_DOCUMENTATION_COMMENTS = YES;
				CLANG_WARN_EMPTY_BODY = YES;
				CLANG_WARN_ENUM_CONVERSION = YES;
				CLANG_WARN_INFINITE_RECURSION = YES;
				CLANG_WARN_INT_CONVERSION = YES;
				CLANG_WARN_OBJC_ROOT_CLASS = YES_ERROR;
				CLANG_WARN_SUSPICIOUS_MOVES = YES;
				CLANG_WARN_UNREACHABLE_CODE = YES;
				CLANG_WARN__DUPLICATE_METHOD_MATCH = YES;
				"CODE_SIGN_IDENTITY[sdk=iphoneos*]" = "iPhone Developer";
				COPY_PHASE_STRIP = NO;
				DEBUG_INFORMATION_FORMAT = "dwarf-with-dsym";
				ENABLE_NS_ASSERTIONS = NO;
				ENABLE_STRICT_OBJC_MSGSEND = YES;
				GCC_C_LANGUAGE_STANDARD = gnu99;
				GCC_NO_COMMON_BLOCKS = YES;
				GCC_WARN_64_TO_32_BIT_CONVERSION = YES;
				GCC_WARN_ABOUT_RETURN_TYPE = YES_ERROR;
				GCC_WARN_UNDECLARED_SELECTOR = YES;
				GCC_WARN_UNINITIALIZED_AUTOS = YES_AGGRESSIVE;
				GCC_WARN_UNUSED_FUNCTION = YES;
				GCC_WARN_UNUSED_VARIABLE = YES;
				IPHONEOS_DEPLOYMENT_TARGET = 10.0;
				MTL_ENABLE_DEBUG_INFO = NO;
				SDKROOT = iphoneos;
				SWIFT_OPTIMIZATION_LEVEL = "-Owholemodule";
				TARGETED_DEVICE_FAMILY = "1,2";
				VALIDATE_PRODUCT = YES;
			};
			name = Release;
		};
		392061131DD5793A0009C7FB /* Debug */ = {
			isa = XCBuildConfiguration;
			baseConfigurationReference = 3CD3C2D4004D4BB10CBE51CF /* Pods-UIWebViewLayout.debug.xcconfig */;
			buildSettings = {
				ASSETCATALOG_COMPILER_APPICON_NAME = AppIcon;
				CLANG_ENABLE_MODULES = YES;
				DEVELOPMENT_TEAM = RQA68E574G;
				INFOPLIST_FILE = UIWebViewLayout/Info.plist;
				LD_RUNPATH_SEARCH_PATHS = "$(inherited) @executable_path/Frameworks";
				PRODUCT_BUNDLE_IDENTIFIER = touchstone.ai.UIWebViewLayout;
				PRODUCT_NAME = "$(TARGET_NAME)";
				SWIFT_OBJC_BRIDGING_HEADER = "UIWebViewLayout/UIWebViewLayout-Bridging-Header.h";
				SWIFT_OPTIMIZATION_LEVEL = "-Onone";
				SWIFT_VERSION = 3.0;
			};
			name = Debug;
		};
		392061141DD5793A0009C7FB /* Release */ = {
			isa = XCBuildConfiguration;
			baseConfigurationReference = 195B7CA0634B784EA242DE1C /* Pods-UIWebViewLayout.release.xcconfig */;
			buildSettings = {
				ASSETCATALOG_COMPILER_APPICON_NAME = AppIcon;
				CLANG_ENABLE_MODULES = YES;
				DEVELOPMENT_TEAM = RQA68E574G;
				INFOPLIST_FILE = UIWebViewLayout/Info.plist;
				LD_RUNPATH_SEARCH_PATHS = "$(inherited) @executable_path/Frameworks";
				PRODUCT_BUNDLE_IDENTIFIER = touchstone.ai.UIWebViewLayout;
				PRODUCT_NAME = "$(TARGET_NAME)";
				SWIFT_OBJC_BRIDGING_HEADER = "UIWebViewLayout/UIWebViewLayout-Bridging-Header.h";
				SWIFT_VERSION = 3.0;
			};
			name = Release;
		};
		392061161DD5793A0009C7FB /* Debug */ = {
			isa = XCBuildConfiguration;
			buildSettings = {
				ALWAYS_EMBED_SWIFT_STANDARD_LIBRARIES = YES;
				BUNDLE_LOADER = "$(TEST_HOST)";
				DEVELOPMENT_TEAM = RQA68E574G;
				INFOPLIST_FILE = UIWebViewLayoutTests/Info.plist;
				LD_RUNPATH_SEARCH_PATHS = "$(inherited) @executable_path/Frameworks @loader_path/Frameworks";
				PRODUCT_BUNDLE_IDENTIFIER = touchstone.ai.UIWebViewLayoutTests;
				PRODUCT_NAME = "$(TARGET_NAME)";
				SWIFT_VERSION = 3.0;
				TEST_HOST = "$(BUILT_PRODUCTS_DIR)/UIWebViewLayout.app/UIWebViewLayout";
			};
			name = Debug;
		};
		392061171DD5793A0009C7FB /* Release */ = {
			isa = XCBuildConfiguration;
			buildSettings = {
				ALWAYS_EMBED_SWIFT_STANDARD_LIBRARIES = YES;
				BUNDLE_LOADER = "$(TEST_HOST)";
				DEVELOPMENT_TEAM = RQA68E574G;
				INFOPLIST_FILE = UIWebViewLayoutTests/Info.plist;
				LD_RUNPATH_SEARCH_PATHS = "$(inherited) @executable_path/Frameworks @loader_path/Frameworks";
				PRODUCT_BUNDLE_IDENTIFIER = touchstone.ai.UIWebViewLayoutTests;
				PRODUCT_NAME = "$(TARGET_NAME)";
				SWIFT_VERSION = 3.0;
				TEST_HOST = "$(BUILT_PRODUCTS_DIR)/UIWebViewLayout.app/UIWebViewLayout";
			};
			name = Release;
		};
		392061191DD5793A0009C7FB /* Debug */ = {
			isa = XCBuildConfiguration;
			buildSettings = {
				ALWAYS_EMBED_SWIFT_STANDARD_LIBRARIES = YES;
				DEVELOPMENT_TEAM = RQA68E574G;
				INFOPLIST_FILE = UIWebViewLayoutUITests/Info.plist;
				LD_RUNPATH_SEARCH_PATHS = "$(inherited) @executable_path/Frameworks @loader_path/Frameworks";
				PRODUCT_BUNDLE_IDENTIFIER = touchstone.ai.UIWebViewLayoutUITests;
				PRODUCT_NAME = "$(TARGET_NAME)";
				SWIFT_VERSION = 3.0;
				TEST_TARGET_NAME = UIWebViewLayout;
			};
			name = Debug;
		};
		3920611A1DD5793A0009C7FB /* Release */ = {
			isa = XCBuildConfiguration;
			buildSettings = {
				ALWAYS_EMBED_SWIFT_STANDARD_LIBRARIES = YES;
				DEVELOPMENT_TEAM = RQA68E574G;
				INFOPLIST_FILE = UIWebViewLayoutUITests/Info.plist;
				LD_RUNPATH_SEARCH_PATHS = "$(inherited) @executable_path/Frameworks @loader_path/Frameworks";
				PRODUCT_BUNDLE_IDENTIFIER = touchstone.ai.UIWebViewLayoutUITests;
				PRODUCT_NAME = "$(TARGET_NAME)";
				SWIFT_VERSION = 3.0;
				TEST_TARGET_NAME = UIWebViewLayout;
			};
			name = Release;
		};
/* End XCBuildConfiguration section */

/* Begin XCConfigurationList section */
		392060E51DD5793A0009C7FB /* Build configuration list for PBXProject "UIWebViewLayout" */ = {
			isa = XCConfigurationList;
			buildConfigurations = (
				392061101DD5793A0009C7FB /* Debug */,
				392061111DD5793A0009C7FB /* Release */,
			);
			defaultConfigurationIsVisible = 0;
			defaultConfigurationName = Release;
		};
		392061121DD5793A0009C7FB /* Build configuration list for PBXNativeTarget "UIWebViewLayout" */ = {
			isa = XCConfigurationList;
			buildConfigurations = (
				392061131DD5793A0009C7FB /* Debug */,
				392061141DD5793A0009C7FB /* Release */,
			);
			defaultConfigurationIsVisible = 0;
			defaultConfigurationName = Release;
		};
		392061151DD5793A0009C7FB /* Build configuration list for PBXNativeTarget "UIWebViewLayoutTests" */ = {
			isa = XCConfigurationList;
			buildConfigurations = (
				392061161DD5793A0009C7FB /* Debug */,
				392061171DD5793A0009C7FB /* Release */,
			);
			defaultConfigurationIsVisible = 0;
			defaultConfigurationName = Release;
		};
		392061181DD5793A0009C7FB /* Build configuration list for PBXNativeTarget "UIWebViewLayoutUITests" */ = {
			isa = XCConfigurationList;
			buildConfigurations = (
				392061191DD5793A0009C7FB /* Debug */,
				3920611A1DD5793A0009C7FB /* Release */,
			);
			defaultConfigurationIsVisible = 0;
			defaultConfigurationName = Release;
		};
/* End XCConfigurationList section */
	};
	rootObject = 392060E21DD5793A0009C7FB /* Project object */;
}
